// !$*UTF8*$!
{
	archiveVersion = 1;
	classes = {
	};
	objectVersion = 46;
	objects = {

/* Begin PBXBuildFile section */
		00C302E51ABCBA2D00DB3ED1 /* libRCTActionSheet.a in Frameworks */ = {isa = PBXBuildFile; fileRef = 00C302AC1ABCB8CE00DB3ED1 /* libRCTActionSheet.a */; };
		00C302E71ABCBA2D00DB3ED1 /* libRCTGeolocation.a in Frameworks */ = {isa = PBXBuildFile; fileRef = 00C302BA1ABCB90400DB3ED1 /* libRCTGeolocation.a */; };
		00C302E81ABCBA2D00DB3ED1 /* libRCTImage.a in Frameworks */ = {isa = PBXBuildFile; fileRef = 00C302C01ABCB91800DB3ED1 /* libRCTImage.a */; };
		00C302E91ABCBA2D00DB3ED1 /* libRCTNetwork.a in Frameworks */ = {isa = PBXBuildFile; fileRef = 00C302DC1ABCB9D200DB3ED1 /* libRCTNetwork.a */; };
		00C302EA1ABCBA2D00DB3ED1 /* libRCTVibration.a in Frameworks */ = {isa = PBXBuildFile; fileRef = 00C302E41ABCB9EE00DB3ED1 /* libRCTVibration.a */; };
		051A3B6A72464CC58700C5C3 /* Feather.ttf in Resources */ = {isa = PBXBuildFile; fileRef = 44F72E9FBD444C4782A0BEB2 /* Feather.ttf */; };
		0773DE35726C4C86BCCE6C52 /* Octicons.ttf in Resources */ = {isa = PBXBuildFile; fileRef = 3C65A90340EE4ED0AD285C53 /* Octicons.ttf */; };
		12613DB604264434952562E6 /* Zocial.ttf in Resources */ = {isa = PBXBuildFile; fileRef = AD2E5833169D4C58A4E1CBAE /* Zocial.ttf */; };
		133E29F31AD74F7200F7D852 /* libRCTLinking.a in Frameworks */ = {isa = PBXBuildFile; fileRef = 78C398B91ACF4ADC00677621 /* libRCTLinking.a */; };
		139105C61AF99C1200B5F7CC /* libRCTSettings.a in Frameworks */ = {isa = PBXBuildFile; fileRef = 139105C11AF99BAD00B5F7CC /* libRCTSettings.a */; };
		139FDEF61B0652A700C62182 /* libRCTWebSocket.a in Frameworks */ = {isa = PBXBuildFile; fileRef = 139FDEF41B06529B00C62182 /* libRCTWebSocket.a */; };
		13B07FBC1A68108700A75B9A /* AppDelegate.m in Sources */ = {isa = PBXBuildFile; fileRef = 13B07FB01A68108700A75B9A /* AppDelegate.m */; };
		13B07FBF1A68108700A75B9A /* Images.xcassets in Resources */ = {isa = PBXBuildFile; fileRef = 13B07FB51A68108700A75B9A /* Images.xcassets */; };
		13B07FC11A68108700A75B9A /* main.m in Sources */ = {isa = PBXBuildFile; fileRef = 13B07FB71A68108700A75B9A /* main.m */; };
		146834051AC3E58100842450 /* libReact.a in Frameworks */ = {isa = PBXBuildFile; fileRef = 146834041AC3E56700842450 /* libReact.a */; };
		1D306E6F675F4196FB6B94BA /* libPods-visitou.a in Frameworks */ = {isa = PBXBuildFile; fileRef = BC22C5925998947B2A2F1F09 /* libPods-visitou.a */; };
		25C664E200234BC8B9DD076F /* bkoodak.ttf in Resources */ = {isa = PBXBuildFile; fileRef = E8F8EB33EBDE49369FF319BA /* bkoodak.ttf */; };
		2A35A078495B4BFCAE938207 /* libRNFirebase.a in Frameworks */ = {isa = PBXBuildFile; fileRef = FE1976F801194B739F46FD73 /* libRNFirebase.a */; };
		3AD0419F53AA45AC87DDB820 /* Roboto.ttf in Resources */ = {isa = PBXBuildFile; fileRef = A306FB8A0CE94856AC9BDDF2 /* Roboto.ttf */; };
		49C276A6BC8A464381255D5A /* irsans.ttf in Resources */ = {isa = PBXBuildFile; fileRef = B4113FD71085413A9439F3C6 /* irsans.ttf */; };
		4EFFE8362B7A46DE9D1E2BA8 /* libRNExitApp.a in Frameworks */ = {isa = PBXBuildFile; fileRef = 4E16B20A11DA47A0B1C54AB5 /* libRNExitApp.a */; };
		551407EC9B33429D96AACBEC /* rubicon-icon-font.ttf in Resources */ = {isa = PBXBuildFile; fileRef = 520DD67AB41F42B8B2667A29 /* rubicon-icon-font.ttf */; };
		5E9157361DD0AC6A00FF2AA8 /* libRCTAnimation.a in Frameworks */ = {isa = PBXBuildFile; fileRef = 5E9157331DD0AC6500FF2AA8 /* libRCTAnimation.a */; };
		5ED88D83E3D04D65857ACBF7 /* MaterialCommunityIcons.ttf in Resources */ = {isa = PBXBuildFile; fileRef = 6833F80BD6874A498B6C0637 /* MaterialCommunityIcons.ttf */; };
		6E4B5E90ACF14D7387BA0636 /* FontAwesome.ttf in Resources */ = {isa = PBXBuildFile; fileRef = 146DC32622E24A3EB7DDDFDF /* FontAwesome.ttf */; };
		755C8AB7416A4085826A6D41 /* libRCTActionSheet.a in Frameworks */ = {isa = PBXBuildFile; fileRef = 14B78CE39DE5424597DD50CC /* libRCTActionSheet.a */; };
		77D2894A2CEB4A088C5AD2E6 /* libLRDRCTSimpleToast.a in Frameworks */ = {isa = PBXBuildFile; fileRef = 3F07CF03B2644EBA82DB484C /* libLRDRCTSimpleToast.a */; };
		77F7ABFB29DB480DABB176CD /* libRNVectorIcons.a in Frameworks */ = {isa = PBXBuildFile; fileRef = 7BD8A346149B445D8EEA4C5B /* libRNVectorIcons.a */; };
		8029DC04D008450EB6ED86EA /* libFastImage.a in Frameworks */ = {isa = PBXBuildFile; fileRef = 8041C45D5922439E98B94AC0 /* libFastImage.a */; };
		832341BD1AAA6AB300B99B32 /* libRCTText.a in Frameworks */ = {isa = PBXBuildFile; fileRef = 832341B51AAA6A8300B99B32 /* libRCTText.a */; };
		8ACC356F6AD2416CB0B0DEE0 /* Foundation.ttf in Resources */ = {isa = PBXBuildFile; fileRef = E93EC63D3BB34828A158204D /* Foundation.ttf */; };
		8E0ED49A417F4268B388E7D3 /* MaterialIcons.ttf in Resources */ = {isa = PBXBuildFile; fileRef = E3BD9053506E46008B231EB8 /* MaterialIcons.ttf */; };
		8F4AE5411AC441EDA40E8CA1 /* libRNFIRMessaging.a in Frameworks */ = {isa = PBXBuildFile; fileRef = A2FB38CD7086481AB361A7B8 /* libRNFIRMessaging.a */; };
		97374E971FF8F4F8008BA184 /* libART.a in Frameworks */ = {isa = PBXBuildFile; fileRef = 97374E941FF8F4C0008BA184 /* libART.a */; };
		975A308D203337B0008CF8F3 /* libRCTPushNotification.a in Frameworks */ = {isa = PBXBuildFile; fileRef = 975A30672033377A008CF8F3 /* libRCTPushNotification.a */; };
		975BE1DD212856AD00838173 /* koon.png in Resources */ = {isa = PBXBuildFile; fileRef = 975BE1A6212856AD00838173 /* koon.png */; };
		976E68D020EE4F9C00EBDE75 /* LaunchScreen.xib in Resources */ = {isa = PBXBuildFile; fileRef = 976E689920EE4F9B00EBDE75 /* LaunchScreen.xib */; };
		977582E2200BF66900D442EE /* bnazanin.ttf in Resources */ = {isa = PBXBuildFile; fileRef = 977582B4200BF32200D442EE /* bnazanin.ttf */; };
		977582E3200BF66900D442EE /* Mitra.ttf in Resources */ = {isa = PBXBuildFile; fileRef = 977582E1200BF4C900D442EE /* Mitra.ttf */; };
		977582E5200BF72300D442EE /* Yekan.ttf in Resources */ = {isa = PBXBuildFile; fileRef = 977582E4200BF71A00D442EE /* Yekan.ttf */; };
		979BBE6420AAB033007C2A27 /* Info.plist in Resources */ = {isa = PBXBuildFile; fileRef = 13B07FB61A68108700A75B9A /* Info.plist */; };
		97A8DC85208F377C00E8B928 /* GoogleService-Info.plist in Resources */ = {isa = PBXBuildFile; fileRef = 97A8DC84208F377C00E8B928 /* GoogleService-Info.plist */; };
		97B7008C1FFA8A8A0056C9D8 /* eternal.ttf in Resources */ = {isa = PBXBuildFile; fileRef = 97B7005E1FFA8A880056C9D8 /* eternal.ttf */; };
		97B7008D1FFA8A8A0056C9D8 /* irsans.ttf in Resources */ = {isa = PBXBuildFile; fileRef = 97B7008A1FFA8A880056C9D8 /* irsans.ttf */; };
		97B7008E1FFA8A8A0056C9D8 /* koodak.ttf in Resources */ = {isa = PBXBuildFile; fileRef = 97B7008B1FFA8A890056C9D8 /* koodak.ttf */; };
		97CEE002212839A500AB5452 /* aan.png in Resources */ = {isa = PBXBuildFile; fileRef = 97CEDFCB212839A500AB5452 /* aan.png */; };
		9C82C2C2F42646D4A1AD7E95 /* Entypo.ttf in Resources */ = {isa = PBXBuildFile; fileRef = 6FE1CD9B33304B2F8B1D191B /* Entypo.ttf */; };
		ADBDB9381DFEBF1600ED6528 /* libRCTBlob.a in Frameworks */ = {isa = PBXBuildFile; fileRef = ADBDB9271DFEBF0700ED6528 /* libRCTBlob.a */; };
		B31E3DED5B994466BF48F164 /* Roboto_medium.ttf in Resources */ = {isa = PBXBuildFile; fileRef = 6DE6727A74ED4B85B6841E08 /* Roboto_medium.ttf */; };
		B8469053D9044FBEAD2D0502 /* EvilIcons.ttf in Resources */ = {isa = PBXBuildFile; fileRef = FEF46919DF9046C4BA377CA5 /* EvilIcons.ttf */; };
		B9CB195313FD4B8D9481AA85 /* danstevis.otf in Resources */ = {isa = PBXBuildFile; fileRef = 8EC8B02C971445C4888D02F3 /* danstevis.otf */; };
		D507E51459714783B8AFD7F7 /* SimpleLineIcons.ttf in Resources */ = {isa = PBXBuildFile; fileRef = F3B16C63E7BC4FB28AEEE7D4 /* SimpleLineIcons.ttf */; };
		DB3295DE69094A02B860030F /* koodak.ttf in Resources */ = {isa = PBXBuildFile; fileRef = EC07C9832D274843B521B0A9 /* koodak.ttf */; };
		E14CC911C32642E5AD2E6B91 /* Ionicons.ttf in Resources */ = {isa = PBXBuildFile; fileRef = 8B31CB0F2D0240559ADCA12B /* Ionicons.ttf */; };
		EFE845A8FF2B4A95ADB80952 /* libRNNotifications.a in Frameworks */ = {isa = PBXBuildFile; fileRef = 859CE913A4334FCEAA219090 /* libRNNotifications.a */; };
		F918A7EE2ACC400CA391B2B7 /* libRNFS.a in Frameworks */ = {isa = PBXBuildFile; fileRef = 6DF3DABC07494D7F9A8ACD71 /* libRNFS.a */; };
		FC1DBDE0A48B4857AD8FE2FA /* libRCTBEEPickerManager.a in Frameworks */ = {isa = PBXBuildFile; fileRef = B82D744A77214FEC8E29B37D /* libRCTBEEPickerManager.a */; };
		FEEAEB78AB754A87A0E213B7 /* eternal.ttf in Resources */ = {isa = PBXBuildFile; fileRef = 42AE1AA33AE442E38E9DE204 /* eternal.ttf */; };
/* End PBXBuildFile section */

/* Begin PBXContainerItemProxy section */
		00C302AB1ABCB8CE00DB3ED1 /* PBXContainerItemProxy */ = {
			isa = PBXContainerItemProxy;
			containerPortal = 00C302A71ABCB8CE00DB3ED1 /* RCTActionSheet.xcodeproj */;
			proxyType = 2;
			remoteGlobalIDString = 134814201AA4EA6300B7C361;
			remoteInfo = RCTActionSheet;
		};
		00C302B91ABCB90400DB3ED1 /* PBXContainerItemProxy */ = {
			isa = PBXContainerItemProxy;
			containerPortal = 00C302B51ABCB90400DB3ED1 /* RCTGeolocation.xcodeproj */;
			proxyType = 2;
			remoteGlobalIDString = 134814201AA4EA6300B7C361;
			remoteInfo = RCTGeolocation;
		};
		00C302BF1ABCB91800DB3ED1 /* PBXContainerItemProxy */ = {
			isa = PBXContainerItemProxy;
			containerPortal = 00C302BB1ABCB91800DB3ED1 /* RCTImage.xcodeproj */;
			proxyType = 2;
			remoteGlobalIDString = 58B5115D1A9E6B3D00147676;
			remoteInfo = RCTImage;
		};
		00C302DB1ABCB9D200DB3ED1 /* PBXContainerItemProxy */ = {
			isa = PBXContainerItemProxy;
			containerPortal = 00C302D31ABCB9D200DB3ED1 /* RCTNetwork.xcodeproj */;
			proxyType = 2;
			remoteGlobalIDString = 58B511DB1A9E6C8500147676;
			remoteInfo = RCTNetwork;
		};
		00C302E31ABCB9EE00DB3ED1 /* PBXContainerItemProxy */ = {
			isa = PBXContainerItemProxy;
			containerPortal = 00C302DF1ABCB9EE00DB3ED1 /* RCTVibration.xcodeproj */;
			proxyType = 2;
			remoteGlobalIDString = 832C81801AAF6DEF007FA2F7;
			remoteInfo = RCTVibration;
		};
		139105C01AF99BAD00B5F7CC /* PBXContainerItemProxy */ = {
			isa = PBXContainerItemProxy;
			containerPortal = 139105B61AF99BAD00B5F7CC /* RCTSettings.xcodeproj */;
			proxyType = 2;
			remoteGlobalIDString = 134814201AA4EA6300B7C361;
			remoteInfo = RCTSettings;
		};
		139FDEF31B06529B00C62182 /* PBXContainerItemProxy */ = {
			isa = PBXContainerItemProxy;
			containerPortal = 139FDEE61B06529A00C62182 /* RCTWebSocket.xcodeproj */;
			proxyType = 2;
			remoteGlobalIDString = 3C86DF461ADF2C930047B81A;
			remoteInfo = RCTWebSocket;
		};
		146834031AC3E56700842450 /* PBXContainerItemProxy */ = {
			isa = PBXContainerItemProxy;
			containerPortal = 146833FF1AC3E56700842450 /* React.xcodeproj */;
			proxyType = 2;
			remoteGlobalIDString = 83CBBA2E1A601D0E00E9B192;
			remoteInfo = React;
		};
		3DAD3E831DF850E9000B6D8A /* PBXContainerItemProxy */ = {
			isa = PBXContainerItemProxy;
			containerPortal = 00C302BB1ABCB91800DB3ED1 /* RCTImage.xcodeproj */;
			proxyType = 2;
			remoteGlobalIDString = 2D2A283A1D9B042B00D4039D;
			remoteInfo = "RCTImage-tvOS";
		};
		3DAD3E871DF850E9000B6D8A /* PBXContainerItemProxy */ = {
			isa = PBXContainerItemProxy;
			containerPortal = 78C398B01ACF4ADC00677621 /* RCTLinking.xcodeproj */;
			proxyType = 2;
			remoteGlobalIDString = 2D2A28471D9B043800D4039D;
			remoteInfo = "RCTLinking-tvOS";
		};
		3DAD3E8B1DF850E9000B6D8A /* PBXContainerItemProxy */ = {
			isa = PBXContainerItemProxy;
			containerPortal = 00C302D31ABCB9D200DB3ED1 /* RCTNetwork.xcodeproj */;
			proxyType = 2;
			remoteGlobalIDString = 2D2A28541D9B044C00D4039D;
			remoteInfo = "RCTNetwork-tvOS";
		};
		3DAD3E8F1DF850E9000B6D8A /* PBXContainerItemProxy */ = {
			isa = PBXContainerItemProxy;
			containerPortal = 139105B61AF99BAD00B5F7CC /* RCTSettings.xcodeproj */;
			proxyType = 2;
			remoteGlobalIDString = 2D2A28611D9B046600D4039D;
			remoteInfo = "RCTSettings-tvOS";
		};
		3DAD3E931DF850E9000B6D8A /* PBXContainerItemProxy */ = {
			isa = PBXContainerItemProxy;
			containerPortal = 832341B01AAA6A8300B99B32 /* RCTText.xcodeproj */;
			proxyType = 2;
			remoteGlobalIDString = 2D2A287B1D9B048500D4039D;
			remoteInfo = "RCTText-tvOS";
		};
		3DAD3E981DF850E9000B6D8A /* PBXContainerItemProxy */ = {
			isa = PBXContainerItemProxy;
			containerPortal = 139FDEE61B06529A00C62182 /* RCTWebSocket.xcodeproj */;
			proxyType = 2;
			remoteGlobalIDString = 2D2A28881D9B049200D4039D;
			remoteInfo = "RCTWebSocket-tvOS";
		};
		3DAD3EA21DF850E9000B6D8A /* PBXContainerItemProxy */ = {
			isa = PBXContainerItemProxy;
			containerPortal = 146833FF1AC3E56700842450 /* React.xcodeproj */;
			proxyType = 2;
			remoteGlobalIDString = 2D2A28131D9B038B00D4039D;
			remoteInfo = "React-tvOS";
		};
		3DAD3EA41DF850E9000B6D8A /* PBXContainerItemProxy */ = {
			isa = PBXContainerItemProxy;
			containerPortal = 146833FF1AC3E56700842450 /* React.xcodeproj */;
			proxyType = 2;
			remoteGlobalIDString = 3D3C059A1DE3340900C268FA;
			remoteInfo = yoga;
		};
		3DAD3EA61DF850E9000B6D8A /* PBXContainerItemProxy */ = {
			isa = PBXContainerItemProxy;
			containerPortal = 146833FF1AC3E56700842450 /* React.xcodeproj */;
			proxyType = 2;
			remoteGlobalIDString = 3D3C06751DE3340C00C268FA;
			remoteInfo = "yoga-tvOS";
		};
		3DAD3EA81DF850E9000B6D8A /* PBXContainerItemProxy */ = {
			isa = PBXContainerItemProxy;
			containerPortal = 146833FF1AC3E56700842450 /* React.xcodeproj */;
			proxyType = 2;
			remoteGlobalIDString = 3D3CD9251DE5FBEC00167DC4;
			remoteInfo = cxxreact;
		};
		3DAD3EAA1DF850E9000B6D8A /* PBXContainerItemProxy */ = {
			isa = PBXContainerItemProxy;
			containerPortal = 146833FF1AC3E56700842450 /* React.xcodeproj */;
			proxyType = 2;
			remoteGlobalIDString = 3D3CD9321DE5FBEE00167DC4;
			remoteInfo = "cxxreact-tvOS";
		};
		3DAD3EAC1DF850E9000B6D8A /* PBXContainerItemProxy */ = {
			isa = PBXContainerItemProxy;
			containerPortal = 146833FF1AC3E56700842450 /* React.xcodeproj */;
			proxyType = 2;
			remoteGlobalIDString = 3D3CD90B1DE5FBD600167DC4;
			remoteInfo = jschelpers;
		};
		3DAD3EAE1DF850E9000B6D8A /* PBXContainerItemProxy */ = {
			isa = PBXContainerItemProxy;
			containerPortal = 146833FF1AC3E56700842450 /* React.xcodeproj */;
			proxyType = 2;
			remoteGlobalIDString = 3D3CD9181DE5FBD800167DC4;
			remoteInfo = "jschelpers-tvOS";
		};
		5E9157321DD0AC6500FF2AA8 /* PBXContainerItemProxy */ = {
			isa = PBXContainerItemProxy;
			containerPortal = 5E91572D1DD0AC6500FF2AA8 /* RCTAnimation.xcodeproj */;
			proxyType = 2;
			remoteGlobalIDString = 134814201AA4EA6300B7C361;
			remoteInfo = RCTAnimation;
		};
		5E9157341DD0AC6500FF2AA8 /* PBXContainerItemProxy */ = {
			isa = PBXContainerItemProxy;
			containerPortal = 5E91572D1DD0AC6500FF2AA8 /* RCTAnimation.xcodeproj */;
			proxyType = 2;
			remoteGlobalIDString = 2D2A28201D9B03D100D4039D;
			remoteInfo = "RCTAnimation-tvOS";
		};
		78C398B81ACF4ADC00677621 /* PBXContainerItemProxy */ = {
			isa = PBXContainerItemProxy;
			containerPortal = 78C398B01ACF4ADC00677621 /* RCTLinking.xcodeproj */;
			proxyType = 2;
			remoteGlobalIDString = 134814201AA4EA6300B7C361;
			remoteInfo = RCTLinking;
		};
		832341B41AAA6A8300B99B32 /* PBXContainerItemProxy */ = {
			isa = PBXContainerItemProxy;
			containerPortal = 832341B01AAA6A8300B99B32 /* RCTText.xcodeproj */;
			proxyType = 2;
			remoteGlobalIDString = 58B5119B1A9E6C1200147676;
			remoteInfo = RCTText;
		};
		970D6F1320AD7A2100C33DBC /* PBXContainerItemProxy */ = {
			isa = PBXContainerItemProxy;
			containerPortal = 99C208717D6F4BDAA5A97830 /* RNFileOpener.xcodeproj */;
			proxyType = 2;
			remoteGlobalIDString = DB8F70EF1CD3047700E71D6D;
			remoteInfo = RNFileOpener;
		};
		970D6F1620AD7A2100C33DBC /* PBXContainerItemProxy */ = {
			isa = PBXContainerItemProxy;
			containerPortal = 0B1084731AC94D58BC132555 /* RNFirebase.xcodeproj */;
			proxyType = 2;
			remoteGlobalIDString = 134814201AA4EA6300B7C361;
			remoteInfo = RNFirebase;
		};
		97374DC21FF82A70008BA184 /* PBXContainerItemProxy */ = {
			isa = PBXContainerItemProxy;
			containerPortal = ADBDB91F1DFEBF0600ED6528 /* RCTBlob.xcodeproj */;
			proxyType = 2;
			remoteGlobalIDString = ADD01A681E09402E00F6D226;
			remoteInfo = "RCTBlob-tvOS";
		};
		97374DD41FF82A70008BA184 /* PBXContainerItemProxy */ = {
			isa = PBXContainerItemProxy;
			containerPortal = 139FDEE61B06529A00C62182 /* RCTWebSocket.xcodeproj */;
			proxyType = 2;
			remoteGlobalIDString = 3DBE0D001F3B181A0099AA32;
			remoteInfo = fishhook;
		};
		97374DD61FF82A70008BA184 /* PBXContainerItemProxy */ = {
			isa = PBXContainerItemProxy;
			containerPortal = 139FDEE61B06529A00C62182 /* RCTWebSocket.xcodeproj */;
			proxyType = 2;
			remoteGlobalIDString = 3DBE0D0D1F3B181C0099AA32;
			remoteInfo = "fishhook-tvOS";
		};
		97374DDF1FF82A72008BA184 /* PBXContainerItemProxy */ = {
			isa = PBXContainerItemProxy;
			containerPortal = 5990FE13D9F54F77B4DA6014 /* LRDRCTSimpleToast.xcodeproj */;
			proxyType = 2;
			remoteGlobalIDString = 15209BEF1D250F63000D0F44;
			remoteInfo = LRDRCTSimpleToast;
		};
		97374DE21FF82A72008BA184 /* PBXContainerItemProxy */ = {
			isa = PBXContainerItemProxy;
			containerPortal = 1AD15F51FA3D4B2F98AEDF89 /* RCTBEEPickerManager.xcodeproj */;
			proxyType = 2;
			remoteGlobalIDString = 17D41E551D7EE0CA0031415E;
			remoteInfo = RCTBEEPickerManager;
		};
		97374DE51FF82A72008BA184 /* PBXContainerItemProxy */ = {
			isa = PBXContainerItemProxy;
			containerPortal = E7F31183A76E443188F63C71 /* RNVectorIcons.xcodeproj */;
			proxyType = 2;
			remoteGlobalIDString = 5DBEB1501B18CEA900B34395;
			remoteInfo = RNVectorIcons;
		};
		97374E1B1FF8DFAF008BA184 /* PBXContainerItemProxy */ = {
			isa = PBXContainerItemProxy;
			containerPortal = 146833FF1AC3E56700842450 /* React.xcodeproj */;
			proxyType = 2;
			remoteGlobalIDString = 139D7ECE1E25DB7D00323FB7;
			remoteInfo = "third-party";
		};
		97374E1D1FF8DFAF008BA184 /* PBXContainerItemProxy */ = {
			isa = PBXContainerItemProxy;
			containerPortal = 146833FF1AC3E56700842450 /* React.xcodeproj */;
			proxyType = 2;
			remoteGlobalIDString = 3D383D3C1EBD27B6005632C8;
			remoteInfo = "third-party-tvOS";
		};
		97374E1F1FF8DFAF008BA184 /* PBXContainerItemProxy */ = {
			isa = PBXContainerItemProxy;
			containerPortal = 146833FF1AC3E56700842450 /* React.xcodeproj */;
			proxyType = 2;
			remoteGlobalIDString = 139D7E881E25C6D100323FB7;
			remoteInfo = "double-conversion";
		};
		97374E211FF8DFAF008BA184 /* PBXContainerItemProxy */ = {
			isa = PBXContainerItemProxy;
			containerPortal = 146833FF1AC3E56700842450 /* React.xcodeproj */;
			proxyType = 2;
			remoteGlobalIDString = 3D383D621EBD27B9005632C8;
			remoteInfo = "double-conversion-tvOS";
		};
		97374E231FF8DFAF008BA184 /* PBXContainerItemProxy */ = {
			isa = PBXContainerItemProxy;
			containerPortal = 146833FF1AC3E56700842450 /* React.xcodeproj */;
			proxyType = 2;
			remoteGlobalIDString = 9936F3131F5F2E4B0010BF04;
			remoteInfo = privatedata;
		};
		97374E251FF8DFAF008BA184 /* PBXContainerItemProxy */ = {
			isa = PBXContainerItemProxy;
			containerPortal = 146833FF1AC3E56700842450 /* React.xcodeproj */;
			proxyType = 2;
			remoteGlobalIDString = 9936F32F1F5F2E5B0010BF04;
			remoteInfo = "privatedata-tvOS";
		};
		97374E2B1FF8DFB2008BA184 /* PBXContainerItemProxy */ = {
			isa = PBXContainerItemProxy;
			containerPortal = EE888E70359641A7872007B3 /* RNExitApp.xcodeproj */;
			proxyType = 2;
			remoteGlobalIDString = 15209BEF1D250F63000D0F44;
			remoteInfo = RNExitApp;
		};
		97374E8C1FF8EBA4008BA184 /* PBXContainerItemProxy */ = {
			isa = PBXContainerItemProxy;
			containerPortal = 7F7C9F1C23244BCE82D072E2 /* FastImage.xcodeproj */;
			proxyType = 2;
			remoteGlobalIDString = A287971D1DE0C0A60081BDFA;
			remoteInfo = FastImage;
		};
		97374E931FF8F4C0008BA184 /* PBXContainerItemProxy */ = {
			isa = PBXContainerItemProxy;
			containerPortal = 97374E8E1FF8F4BF008BA184 /* ART.xcodeproj */;
			proxyType = 2;
			remoteGlobalIDString = 0CF68AC11AF0540F00FF9E5C;
			remoteInfo = ART;
		};
		97374E951FF8F4C0008BA184 /* PBXContainerItemProxy */ = {
			isa = PBXContainerItemProxy;
			containerPortal = 97374E8E1FF8F4BF008BA184 /* ART.xcodeproj */;
			proxyType = 2;
			remoteGlobalIDString = 323A12871E5F266B004975B8;
			remoteInfo = "ART-tvOS";
		};
		975A30662033377A008CF8F3 /* PBXContainerItemProxy */ = {
			isa = PBXContainerItemProxy;
			containerPortal = 975A305020333779008CF8F3 /* RCTPushNotification.xcodeproj */;
			proxyType = 2;
			remoteGlobalIDString = 134814201AA4EA6300B7C361;
			remoteInfo = RCTPushNotification;
		};
		975A30682033377A008CF8F3 /* PBXContainerItemProxy */ = {
			isa = PBXContainerItemProxy;
			containerPortal = 975A305020333779008CF8F3 /* RCTPushNotification.xcodeproj */;
			proxyType = 2;
			remoteGlobalIDString = 3D05745F1DE6004600184BB4;
			remoteInfo = "RCTPushNotification-tvOS";
		};
		978BFA41200F35060063CD42 /* PBXContainerItemProxy */ = {
			isa = PBXContainerItemProxy;
			containerPortal = 7980A7E4F3F04FE989A11A97 /* RNFS.xcodeproj */;
			proxyType = 2;
			remoteGlobalIDString = F12AFB9B1ADAF8F800E0535D;
			remoteInfo = RNFS;
		};
		978BFA43200F35060063CD42 /* PBXContainerItemProxy */ = {
			isa = PBXContainerItemProxy;
			containerPortal = 7980A7E4F3F04FE989A11A97 /* RNFS.xcodeproj */;
			proxyType = 2;
			remoteGlobalIDString = 6456441F1EB8DA9100672408;
			remoteInfo = "RNFS-tvOS";
		};
		97D42BC3203C0C5700194269 /* PBXContainerItemProxy */ = {
			isa = PBXContainerItemProxy;
			containerPortal = DF5F8FB750494F89A349E55B /* RNFIRMessaging.xcodeproj */;
			proxyType = 2;
			remoteGlobalIDString = 134814201AA4EA6300B7C361;
			remoteInfo = RNFIRMessaging;
		};
		97DC71072033166A00259E15 /* PBXContainerItemProxy */ = {
			isa = PBXContainerItemProxy;
			containerPortal = DACE0FBC2F3844008B55EA7C /* StarRatingViewDemo.xcodeproj */;
			proxyType = 2;
			remoteGlobalIDString = 13B07F961A680F5B00A75B9A;
			remoteInfo = StarRatingViewDemo;
		};
		97DC71092033166A00259E15 /* PBXContainerItemProxy */ = {
			isa = PBXContainerItemProxy;
			containerPortal = DACE0FBC2F3844008B55EA7C /* StarRatingViewDemo.xcodeproj */;
			proxyType = 2;
			remoteGlobalIDString = 00E356EE1AD99517003FC87E;
			remoteInfo = StarRatingViewDemoTests;
		};
		97DC710B2033166A00259E15 /* PBXContainerItemProxy */ = {
			isa = PBXContainerItemProxy;
			containerPortal = DACE0FBC2F3844008B55EA7C /* StarRatingViewDemo.xcodeproj */;
			proxyType = 2;
			remoteGlobalIDString = 2D02E47B1E0B4A5D006451C7;
			remoteInfo = "StarRatingViewDemo-tvOS";
		};
		97DC710D2033166A00259E15 /* PBXContainerItemProxy */ = {
			isa = PBXContainerItemProxy;
			containerPortal = DACE0FBC2F3844008B55EA7C /* StarRatingViewDemo.xcodeproj */;
			proxyType = 2;
			remoteGlobalIDString = 2D02E4901E0B4A5D006451C7;
			remoteInfo = "StarRatingViewDemo-tvOSTests";
		};
		97DC71122033166A00259E15 /* PBXContainerItemProxy */ = {
			isa = PBXContainerItemProxy;
			containerPortal = 4F76F61CD4A445B19CE02FAF /* RNNotifications.xcodeproj */;
			proxyType = 2;
			remoteGlobalIDString = 134814201AA4EA6300B7C361;
			remoteInfo = RNNotifications;
		};
		ADBDB9261DFEBF0700ED6528 /* PBXContainerItemProxy */ = {
			isa = PBXContainerItemProxy;
			containerPortal = ADBDB91F1DFEBF0600ED6528 /* RCTBlob.xcodeproj */;
			proxyType = 2;
			remoteGlobalIDString = 358F4ED71D1E81A9004DF814;
			remoteInfo = RCTBlob;
		};
/* End PBXContainerItemProxy section */

/* Begin PBXFileReference section */
		008F07F21AC5B25A0029DE68 /* main.jsbundle */ = {isa = PBXFileReference; fileEncoding = 4; lastKnownFileType = text; path = main.jsbundle; sourceTree = "<group>"; };
		00C302A71ABCB8CE00DB3ED1 /* RCTActionSheet.xcodeproj */ = {isa = PBXFileReference; lastKnownFileType = "wrapper.pb-project"; name = RCTActionSheet.xcodeproj; path = "../node_modules/react-native/Libraries/ActionSheetIOS/RCTActionSheet.xcodeproj"; sourceTree = "<group>"; };
		00C302B51ABCB90400DB3ED1 /* RCTGeolocation.xcodeproj */ = {isa = PBXFileReference; lastKnownFileType = "wrapper.pb-project"; name = RCTGeolocation.xcodeproj; path = "../node_modules/react-native/Libraries/Geolocation/RCTGeolocation.xcodeproj"; sourceTree = "<group>"; };
		00C302BB1ABCB91800DB3ED1 /* RCTImage.xcodeproj */ = {isa = PBXFileReference; lastKnownFileType = "wrapper.pb-project"; name = RCTImage.xcodeproj; path = "../node_modules/react-native/Libraries/Image/RCTImage.xcodeproj"; sourceTree = "<group>"; };
		00C302D31ABCB9D200DB3ED1 /* RCTNetwork.xcodeproj */ = {isa = PBXFileReference; lastKnownFileType = "wrapper.pb-project"; name = RCTNetwork.xcodeproj; path = "../node_modules/react-native/Libraries/Network/RCTNetwork.xcodeproj"; sourceTree = "<group>"; };
		00C302DF1ABCB9EE00DB3ED1 /* RCTVibration.xcodeproj */ = {isa = PBXFileReference; lastKnownFileType = "wrapper.pb-project"; name = RCTVibration.xcodeproj; path = "../node_modules/react-native/Libraries/Vibration/RCTVibration.xcodeproj"; sourceTree = "<group>"; };
		00E356F11AD99517003FC87E /* Info.plist */ = {isa = PBXFileReference; lastKnownFileType = text.plist.xml; path = Info.plist; sourceTree = "<group>"; };
		00E356F21AD99517003FC87E /* visitouTests.m */ = {isa = PBXFileReference; lastKnownFileType = sourcecode.c.objc; path = visitouTests.m; sourceTree = "<group>"; };
		0B1084731AC94D58BC132555 /* RNFirebase.xcodeproj */ = {isa = PBXFileReference; explicitFileType = undefined; fileEncoding = 9; includeInIndex = 0; lastKnownFileType = "wrapper.pb-project"; name = RNFirebase.xcodeproj; path = "../node_modules/react-native-firebase/ios/RNFirebase.xcodeproj"; sourceTree = "<group>"; };
		139105B61AF99BAD00B5F7CC /* RCTSettings.xcodeproj */ = {isa = PBXFileReference; lastKnownFileType = "wrapper.pb-project"; name = RCTSettings.xcodeproj; path = "../node_modules/react-native/Libraries/Settings/RCTSettings.xcodeproj"; sourceTree = "<group>"; };
		139FDEE61B06529A00C62182 /* RCTWebSocket.xcodeproj */ = {isa = PBXFileReference; lastKnownFileType = "wrapper.pb-project"; name = RCTWebSocket.xcodeproj; path = "../node_modules/react-native/Libraries/WebSocket/RCTWebSocket.xcodeproj"; sourceTree = "<group>"; };
		13B07F961A680F5B00A75B9A /* visitou.app */ = {isa = PBXFileReference; explicitFileType = wrapper.application; includeInIndex = 0; path = visitou.app; sourceTree = BUILT_PRODUCTS_DIR; };
		13B07FAF1A68108700A75B9A /* AppDelegate.h */ = {isa = PBXFileReference; fileEncoding = 4; lastKnownFileType = sourcecode.c.h; name = AppDelegate.h; path = visitou/AppDelegate.h; sourceTree = "<group>"; };
		13B07FB01A68108700A75B9A /* AppDelegate.m */ = {isa = PBXFileReference; fileEncoding = 4; lastKnownFileType = sourcecode.c.objc; name = AppDelegate.m; path = visitou/AppDelegate.m; sourceTree = "<group>"; };
		13B07FB51A68108700A75B9A /* Images.xcassets */ = {isa = PBXFileReference; lastKnownFileType = folder.assetcatalog; name = Images.xcassets; path = visitou/Images.xcassets; sourceTree = "<group>"; };
		13B07FB61A68108700A75B9A /* Info.plist */ = {isa = PBXFileReference; fileEncoding = 4; lastKnownFileType = text.plist.xml; name = Info.plist; path = visitou/Info.plist; sourceTree = "<group>"; };
		13B07FB71A68108700A75B9A /* main.m */ = {isa = PBXFileReference; fileEncoding = 4; lastKnownFileType = sourcecode.c.objc; name = main.m; path = visitou/main.m; sourceTree = "<group>"; };
		146833FF1AC3E56700842450 /* React.xcodeproj */ = {isa = PBXFileReference; lastKnownFileType = "wrapper.pb-project"; name = React.xcodeproj; path = "../node_modules/react-native/React/React.xcodeproj"; sourceTree = "<group>"; };
		146DC32622E24A3EB7DDDFDF /* FontAwesome.ttf */ = {isa = PBXFileReference; explicitFileType = undefined; fileEncoding = 9; includeInIndex = 0; lastKnownFileType = unknown; name = FontAwesome.ttf; path = "../node_modules/native-base/Fonts/FontAwesome.ttf"; sourceTree = "<group>"; };
		14B78CE39DE5424597DD50CC /* libRCTActionSheet.a */ = {isa = PBXFileReference; explicitFileType = undefined; fileEncoding = 9; includeInIndex = 0; lastKnownFileType = archive.ar; path = libRCTActionSheet.a; sourceTree = "<group>"; };
		1AD15F51FA3D4B2F98AEDF89 /* RCTBEEPickerManager.xcodeproj */ = {isa = PBXFileReference; explicitFileType = undefined; fileEncoding = 9; includeInIndex = 0; lastKnownFileType = "wrapper.pb-project"; name = RCTBEEPickerManager.xcodeproj; path = "../node_modules/react-native-picker/ios/RCTBEEPickerManager.xcodeproj"; sourceTree = "<group>"; };
		375A1F500B8560AAF9DA5B08 /* libPods-visitou-tvOSTests.a */ = {isa = PBXFileReference; explicitFileType = archive.ar; includeInIndex = 0; path = "libPods-visitou-tvOSTests.a"; sourceTree = BUILT_PRODUCTS_DIR; };
		3C65A90340EE4ED0AD285C53 /* Octicons.ttf */ = {isa = PBXFileReference; explicitFileType = undefined; fileEncoding = 9; includeInIndex = 0; lastKnownFileType = unknown; name = Octicons.ttf; path = "../node_modules/native-base/Fonts/Octicons.ttf"; sourceTree = "<group>"; };
		3F07CF03B2644EBA82DB484C /* libLRDRCTSimpleToast.a */ = {isa = PBXFileReference; explicitFileType = undefined; fileEncoding = 9; includeInIndex = 0; lastKnownFileType = archive.ar; path = libLRDRCTSimpleToast.a; sourceTree = "<group>"; };
		42AE1AA33AE442E38E9DE204 /* eternal.ttf */ = {isa = PBXFileReference; explicitFileType = undefined; fileEncoding = 9; includeInIndex = 0; lastKnownFileType = unknown; name = eternal.ttf; path = ../src/assets/fonts/eternal.ttf; sourceTree = "<group>"; };
		44F72E9FBD444C4782A0BEB2 /* Feather.ttf */ = {isa = PBXFileReference; explicitFileType = undefined; fileEncoding = 9; includeInIndex = 0; lastKnownFileType = unknown; name = Feather.ttf; path = "../node_modules/react-native-vector-icons/Fonts/Feather.ttf"; sourceTree = "<group>"; };
		4E16B20A11DA47A0B1C54AB5 /* libRNExitApp.a */ = {isa = PBXFileReference; explicitFileType = undefined; fileEncoding = 9; includeInIndex = 0; lastKnownFileType = archive.ar; path = libRNExitApp.a; sourceTree = "<group>"; };
		4F76F61CD4A445B19CE02FAF /* RNNotifications.xcodeproj */ = {isa = PBXFileReference; explicitFileType = undefined; fileEncoding = 9; includeInIndex = 0; lastKnownFileType = "wrapper.pb-project"; name = RNNotifications.xcodeproj; path = "../node_modules/react-native-notifications/RNNotifications/RNNotifications.xcodeproj"; sourceTree = "<group>"; };
		520DD67AB41F42B8B2667A29 /* rubicon-icon-font.ttf */ = {isa = PBXFileReference; explicitFileType = undefined; fileEncoding = 9; includeInIndex = 0; lastKnownFileType = unknown; name = "rubicon-icon-font.ttf"; path = "../node_modules/native-base/Fonts/rubicon-icon-font.ttf"; sourceTree = "<group>"; };
		5990FE13D9F54F77B4DA6014 /* LRDRCTSimpleToast.xcodeproj */ = {isa = PBXFileReference; explicitFileType = undefined; fileEncoding = 9; includeInIndex = 0; lastKnownFileType = "wrapper.pb-project"; name = LRDRCTSimpleToast.xcodeproj; path = "../node_modules/react-native-simple-toast/ios/LRDRCTSimpleToast.xcodeproj"; sourceTree = "<group>"; };
		5E91572D1DD0AC6500FF2AA8 /* RCTAnimation.xcodeproj */ = {isa = PBXFileReference; lastKnownFileType = "wrapper.pb-project"; name = RCTAnimation.xcodeproj; path = "../node_modules/react-native/Libraries/NativeAnimation/RCTAnimation.xcodeproj"; sourceTree = "<group>"; };
		63119DC57416652C4FA29BE9 /* Pods-visitou.debug.xcconfig */ = {isa = PBXFileReference; includeInIndex = 1; lastKnownFileType = text.xcconfig; name = "Pods-visitou.debug.xcconfig"; path = "Pods/Target Support Files/Pods-visitou/Pods-visitou.debug.xcconfig"; sourceTree = "<group>"; };
		65A61055781F775C2AFC86E1 /* libPods-visitouTests.a */ = {isa = PBXFileReference; explicitFileType = archive.ar; includeInIndex = 0; path = "libPods-visitouTests.a"; sourceTree = BUILT_PRODUCTS_DIR; };
		6833F80BD6874A498B6C0637 /* MaterialCommunityIcons.ttf */ = {isa = PBXFileReference; explicitFileType = undefined; fileEncoding = 9; includeInIndex = 0; lastKnownFileType = unknown; name = MaterialCommunityIcons.ttf; path = "../node_modules/react-native-vector-icons/Fonts/MaterialCommunityIcons.ttf"; sourceTree = "<group>"; };
		6DE6727A74ED4B85B6841E08 /* Roboto_medium.ttf */ = {isa = PBXFileReference; explicitFileType = undefined; fileEncoding = 9; includeInIndex = 0; lastKnownFileType = unknown; name = Roboto_medium.ttf; path = "../node_modules/native-base/Fonts/Roboto_medium.ttf"; sourceTree = "<group>"; };
		6DF3DABC07494D7F9A8ACD71 /* libRNFS.a */ = {isa = PBXFileReference; explicitFileType = undefined; fileEncoding = 9; includeInIndex = 0; lastKnownFileType = archive.ar; path = libRNFS.a; sourceTree = "<group>"; };
		6FE1CD9B33304B2F8B1D191B /* Entypo.ttf */ = {isa = PBXFileReference; explicitFileType = undefined; fileEncoding = 9; includeInIndex = 0; lastKnownFileType = unknown; name = Entypo.ttf; path = "../node_modules/native-base/Fonts/Entypo.ttf"; sourceTree = "<group>"; };
		703B1E240A6B49C28750B909 /* TSBackgroundFetch.framework */ = {isa = PBXFileReference; explicitFileType = undefined; fileEncoding = 9; includeInIndex = 0; lastKnownFileType = wrapper.framework; name = TSBackgroundFetch.framework; path = "../node_modules/react-native-background-fetch/ios/RNBackgroundFetch/TSBackgroundFetch.framework"; sourceTree = SDKROOT; };
		7776E4DB87C84A708210535F /* libRNFileOpener.a */ = {isa = PBXFileReference; explicitFileType = undefined; fileEncoding = 9; includeInIndex = 0; lastKnownFileType = archive.ar; path = libRNFileOpener.a; sourceTree = "<group>"; };
		78C398B01ACF4ADC00677621 /* RCTLinking.xcodeproj */ = {isa = PBXFileReference; lastKnownFileType = "wrapper.pb-project"; name = RCTLinking.xcodeproj; path = "../node_modules/react-native/Libraries/LinkingIOS/RCTLinking.xcodeproj"; sourceTree = "<group>"; };
		7980A7E4F3F04FE989A11A97 /* RNFS.xcodeproj */ = {isa = PBXFileReference; explicitFileType = undefined; fileEncoding = 9; includeInIndex = 0; lastKnownFileType = "wrapper.pb-project"; name = RNFS.xcodeproj; path = "../node_modules/react-native-fs/RNFS.xcodeproj"; sourceTree = "<group>"; };
		7BD8A346149B445D8EEA4C5B /* libRNVectorIcons.a */ = {isa = PBXFileReference; explicitFileType = undefined; fileEncoding = 9; includeInIndex = 0; lastKnownFileType = archive.ar; path = libRNVectorIcons.a; sourceTree = "<group>"; };
		7C5A4ACDB911F81031315BAA /* Pods-visitou.release.xcconfig */ = {isa = PBXFileReference; includeInIndex = 1; lastKnownFileType = text.xcconfig; name = "Pods-visitou.release.xcconfig"; path = "Pods/Target Support Files/Pods-visitou/Pods-visitou.release.xcconfig"; sourceTree = "<group>"; };
		7F7C9F1C23244BCE82D072E2 /* FastImage.xcodeproj */ = {isa = PBXFileReference; explicitFileType = undefined; fileEncoding = 9; includeInIndex = 0; lastKnownFileType = "wrapper.pb-project"; name = FastImage.xcodeproj; path = "../node_modules/react-native-fast-image/ios/FastImage.xcodeproj"; sourceTree = "<group>"; };
		8041C45D5922439E98B94AC0 /* libFastImage.a */ = {isa = PBXFileReference; explicitFileType = undefined; fileEncoding = 9; includeInIndex = 0; lastKnownFileType = archive.ar; path = libFastImage.a; sourceTree = "<group>"; };
		806422C600394FCDA0194A9F /* libRNFetchBlob.a */ = {isa = PBXFileReference; explicitFileType = undefined; fileEncoding = 9; includeInIndex = 0; lastKnownFileType = archive.ar; path = libRNFetchBlob.a; sourceTree = "<group>"; };
		832341B01AAA6A8300B99B32 /* RCTText.xcodeproj */ = {isa = PBXFileReference; lastKnownFileType = "wrapper.pb-project"; name = RCTText.xcodeproj; path = "../node_modules/react-native/Libraries/Text/RCTText.xcodeproj"; sourceTree = "<group>"; };
		859CE913A4334FCEAA219090 /* libRNNotifications.a */ = {isa = PBXFileReference; explicitFileType = undefined; fileEncoding = 9; includeInIndex = 0; lastKnownFileType = archive.ar; path = libRNNotifications.a; sourceTree = "<group>"; };
		8B31CB0F2D0240559ADCA12B /* Ionicons.ttf */ = {isa = PBXFileReference; explicitFileType = undefined; fileEncoding = 9; includeInIndex = 0; lastKnownFileType = unknown; name = Ionicons.ttf; path = "../node_modules/native-base/Fonts/Ionicons.ttf"; sourceTree = "<group>"; };
		8EC8B02C971445C4888D02F3 /* danstevis.otf */ = {isa = PBXFileReference; explicitFileType = undefined; fileEncoding = 9; includeInIndex = 0; lastKnownFileType = unknown; name = danstevis.otf; path = ../src/assets/fonts/danstevis.otf; sourceTree = "<group>"; };
		970D6F6C20AD7E6E00C33DBC /* RNFIRMessaging.h */ = {isa = PBXFileReference; fileEncoding = 4; lastKnownFileType = sourcecode.c.h; name = RNFIRMessaging.h; path = ../../visitouprovider/ios/RNFIRMessaging.h; sourceTree = "<group>"; };
		97374E8E1FF8F4BF008BA184 /* ART.xcodeproj */ = {isa = PBXFileReference; lastKnownFileType = "wrapper.pb-project"; name = ART.xcodeproj; path = "../node_modules/react-native/Libraries/ART/ART.xcodeproj"; sourceTree = "<group>"; };
		975694311FFE20F300B1072F /* visitou.entitlements */ = {isa = PBXFileReference; lastKnownFileType = text.plist.entitlements; name = visitou.entitlements; path = visitou/visitou.entitlements; sourceTree = "<group>"; };
		975A305020333779008CF8F3 /* RCTPushNotification.xcodeproj */ = {isa = PBXFileReference; lastKnownFileType = "wrapper.pb-project"; name = RCTPushNotification.xcodeproj; path = "../node_modules/react-native/Libraries/PushNotificationIOS/RCTPushNotification.xcodeproj"; sourceTree = "<group>"; };
		975BE1A6212856AD00838173 /* koon.png */ = {isa = PBXFileReference; lastKnownFileType = image.png; path = koon.png; sourceTree = "<group>"; };
		976E689920EE4F9B00EBDE75 /* LaunchScreen.xib */ = {isa = PBXFileReference; fileEncoding = 4; lastKnownFileType = file.xib; path = LaunchScreen.xib; sourceTree = "<group>"; };
		977582B4200BF32200D442EE /* bnazanin.ttf */ = {isa = PBXFileReference; lastKnownFileType = file; name = bnazanin.ttf; path = ../../Downloads/font/bnazanin.ttf; sourceTree = "<group>"; };
		977582E1200BF4C900D442EE /* Mitra.ttf */ = {isa = PBXFileReference; lastKnownFileType = file; name = Mitra.ttf; path = ../src/assets/fonts/Mitra.ttf; sourceTree = "<group>"; };
		977582E4200BF71A00D442EE /* Yekan.ttf */ = {isa = PBXFileReference; lastKnownFileType = file; name = Yekan.ttf; path = ../src/assets/fonts/Yekan.ttf; sourceTree = "<group>"; };
		977582E6200C979500D442EE /* eternal.ttf */ = {isa = PBXFileReference; lastKnownFileType = file; name = eternal.ttf; path = ../src/assets/fonts/eternal.ttf; sourceTree = "<group>"; };
		97A8DC84208F377C00E8B928 /* GoogleService-Info.plist */ = {isa = PBXFileReference; fileEncoding = 4; lastKnownFileType = text.plist.xml; path = "GoogleService-Info.plist"; sourceTree = "<group>"; };
		97B7005E1FFA8A880056C9D8 /* eternal.ttf */ = {isa = PBXFileReference; lastKnownFileType = file; name = eternal.ttf; path = ../../Desktop/eternal.ttf; sourceTree = "<group>"; };
		97B7008A1FFA8A880056C9D8 /* irsans.ttf */ = {isa = PBXFileReference; lastKnownFileType = file; name = irsans.ttf; path = ../../Desktop/irsans.ttf; sourceTree = "<group>"; };
		97B7008B1FFA8A890056C9D8 /* koodak.ttf */ = {isa = PBXFileReference; lastKnownFileType = file; name = koodak.ttf; path = ../../Desktop/koodak.ttf; sourceTree = "<group>"; };
		97CEDFCB212839A500AB5452 /* aan.png */ = {isa = PBXFileReference; lastKnownFileType = image.png; path = aan.png; sourceTree = "<group>"; };
		99C208717D6F4BDAA5A97830 /* RNFileOpener.xcodeproj */ = {isa = PBXFileReference; explicitFileType = undefined; fileEncoding = 9; includeInIndex = 0; lastKnownFileType = "wrapper.pb-project"; name = RNFileOpener.xcodeproj; path = "../node_modules/react-native-file-opener/ios/RNFileOpener.xcodeproj"; sourceTree = "<group>"; };
		A2FB38CD7086481AB361A7B8 /* libRNFIRMessaging.a */ = {isa = PBXFileReference; explicitFileType = undefined; fileEncoding = 9; includeInIndex = 0; lastKnownFileType = archive.ar; path = libRNFIRMessaging.a; sourceTree = "<group>"; };
		A306FB8A0CE94856AC9BDDF2 /* Roboto.ttf */ = {isa = PBXFileReference; explicitFileType = undefined; fileEncoding = 9; includeInIndex = 0; lastKnownFileType = unknown; name = Roboto.ttf; path = "../node_modules/native-base/Fonts/Roboto.ttf"; sourceTree = "<group>"; };
		AD2E5833169D4C58A4E1CBAE /* Zocial.ttf */ = {isa = PBXFileReference; explicitFileType = undefined; fileEncoding = 9; includeInIndex = 0; lastKnownFileType = unknown; name = Zocial.ttf; path = "../node_modules/native-base/Fonts/Zocial.ttf"; sourceTree = "<group>"; };
		ADBDB91F1DFEBF0600ED6528 /* RCTBlob.xcodeproj */ = {isa = PBXFileReference; lastKnownFileType = "wrapper.pb-project"; name = RCTBlob.xcodeproj; path = "../node_modules/react-native/Libraries/Blob/RCTBlob.xcodeproj"; sourceTree = "<group>"; };
		B4113FD71085413A9439F3C6 /* irsans.ttf */ = {isa = PBXFileReference; explicitFileType = undefined; fileEncoding = 9; includeInIndex = 0; lastKnownFileType = unknown; name = irsans.ttf; path = ../src/assets/fonts/irsans.ttf; sourceTree = "<group>"; };
		B82D744A77214FEC8E29B37D /* libRCTBEEPickerManager.a */ = {isa = PBXFileReference; explicitFileType = undefined; fileEncoding = 9; includeInIndex = 0; lastKnownFileType = archive.ar; path = libRCTBEEPickerManager.a; sourceTree = "<group>"; };
		B86260BD212D43C3BBCDF1C6 /* libSplashScreen.a */ = {isa = PBXFileReference; explicitFileType = undefined; fileEncoding = 9; includeInIndex = 0; lastKnownFileType = archive.ar; path = libSplashScreen.a; sourceTree = "<group>"; };
		BC22C5925998947B2A2F1F09 /* libPods-visitou.a */ = {isa = PBXFileReference; explicitFileType = archive.ar; includeInIndex = 0; path = "libPods-visitou.a"; sourceTree = BUILT_PRODUCTS_DIR; };
		CCCE9474D4054C5B8A678CB2 /* libRNBackgroundFetch.a */ = {isa = PBXFileReference; explicitFileType = undefined; fileEncoding = 9; includeInIndex = 0; lastKnownFileType = archive.ar; path = libRNBackgroundFetch.a; sourceTree = "<group>"; };
		DACE0FBC2F3844008B55EA7C /* StarRatingViewDemo.xcodeproj */ = {isa = PBXFileReference; explicitFileType = undefined; fileEncoding = 9; includeInIndex = 0; lastKnownFileType = "wrapper.pb-project"; name = StarRatingViewDemo.xcodeproj; path = "../node_modules/react-native-star-rating-view/Demo/StarRatingViewDemo/ios/StarRatingViewDemo.xcodeproj"; sourceTree = "<group>"; };
		DF5F8FB750494F89A349E55B /* RNFIRMessaging.xcodeproj */ = {isa = PBXFileReference; explicitFileType = undefined; fileEncoding = 9; includeInIndex = 0; lastKnownFileType = "wrapper.pb-project"; name = RNFIRMessaging.xcodeproj; path = "../node_modules/react-native-fcm/ios/RNFIRMessaging.xcodeproj"; sourceTree = "<group>"; };
		E3BD9053506E46008B231EB8 /* MaterialIcons.ttf */ = {isa = PBXFileReference; explicitFileType = undefined; fileEncoding = 9; includeInIndex = 0; lastKnownFileType = unknown; name = MaterialIcons.ttf; path = "../node_modules/native-base/Fonts/MaterialIcons.ttf"; sourceTree = "<group>"; };
		E7F31183A76E443188F63C71 /* RNVectorIcons.xcodeproj */ = {isa = PBXFileReference; explicitFileType = undefined; fileEncoding = 9; includeInIndex = 0; lastKnownFileType = "wrapper.pb-project"; name = RNVectorIcons.xcodeproj; path = "../node_modules/react-native-vector-icons/RNVectorIcons.xcodeproj"; sourceTree = "<group>"; };
		E8F8EB33EBDE49369FF319BA /* bkoodak.ttf */ = {isa = PBXFileReference; explicitFileType = undefined; fileEncoding = 9; includeInIndex = 0; lastKnownFileType = unknown; name = bkoodak.ttf; path = ../src/assets/fonts/bkoodak.ttf; sourceTree = "<group>"; };
		E93EC63D3BB34828A158204D /* Foundation.ttf */ = {isa = PBXFileReference; explicitFileType = undefined; fileEncoding = 9; includeInIndex = 0; lastKnownFileType = unknown; name = Foundation.ttf; path = "../node_modules/native-base/Fonts/Foundation.ttf"; sourceTree = "<group>"; };
		EC07C9832D274843B521B0A9 /* koodak.ttf */ = {isa = PBXFileReference; explicitFileType = undefined; fileEncoding = 9; includeInIndex = 0; lastKnownFileType = unknown; name = koodak.ttf; path = ../src/assets/fonts/koodak.ttf; sourceTree = "<group>"; };
		EE888E70359641A7872007B3 /* RNExitApp.xcodeproj */ = {isa = PBXFileReference; explicitFileType = undefined; fileEncoding = 9; includeInIndex = 0; lastKnownFileType = "wrapper.pb-project"; name = RNExitApp.xcodeproj; path = "../node_modules/react-native-exit-app-no-history/ios/RNExitApp.xcodeproj"; sourceTree = "<group>"; };
		F3B16C63E7BC4FB28AEEE7D4 /* SimpleLineIcons.ttf */ = {isa = PBXFileReference; explicitFileType = undefined; fileEncoding = 9; includeInIndex = 0; lastKnownFileType = unknown; name = SimpleLineIcons.ttf; path = "../node_modules/native-base/Fonts/SimpleLineIcons.ttf"; sourceTree = "<group>"; };
		FE1976F801194B739F46FD73 /* libRNFirebase.a */ = {isa = PBXFileReference; explicitFileType = undefined; fileEncoding = 9; includeInIndex = 0; lastKnownFileType = archive.ar; path = libRNFirebase.a; sourceTree = "<group>"; };
		FEF46919DF9046C4BA377CA5 /* EvilIcons.ttf */ = {isa = PBXFileReference; explicitFileType = undefined; fileEncoding = 9; includeInIndex = 0; lastKnownFileType = unknown; name = EvilIcons.ttf; path = "../node_modules/native-base/Fonts/EvilIcons.ttf"; sourceTree = "<group>"; };
/* End PBXFileReference section */

/* Begin PBXFrameworksBuildPhase section */
		13B07F8C1A680F5B00A75B9A /* Frameworks */ = {
			isa = PBXFrameworksBuildPhase;
			buildActionMask = 2147483647;
			files = (
				97374E971FF8F4F8008BA184 /* libART.a in Frameworks */,
				ADBDB9381DFEBF1600ED6528 /* libRCTBlob.a in Frameworks */,
				975A308D203337B0008CF8F3 /* libRCTPushNotification.a in Frameworks */,
				5E9157361DD0AC6A00FF2AA8 /* libRCTAnimation.a in Frameworks */,
				146834051AC3E58100842450 /* libReact.a in Frameworks */,
				5E9157361DD0AC6A00FF2AA8 /* libRCTAnimation.a in Frameworks */,
				00C302E51ABCBA2D00DB3ED1 /* libRCTActionSheet.a in Frameworks */,
				00C302E71ABCBA2D00DB3ED1 /* libRCTGeolocation.a in Frameworks */,
				00C302E81ABCBA2D00DB3ED1 /* libRCTImage.a in Frameworks */,
				133E29F31AD74F7200F7D852 /* libRCTLinking.a in Frameworks */,
				00C302E91ABCBA2D00DB3ED1 /* libRCTNetwork.a in Frameworks */,
				139105C61AF99C1200B5F7CC /* libRCTSettings.a in Frameworks */,
				832341BD1AAA6AB300B99B32 /* libRCTText.a in Frameworks */,
				00C302EA1ABCBA2D00DB3ED1 /* libRCTVibration.a in Frameworks */,
				139FDEF61B0652A700C62182 /* libRCTWebSocket.a in Frameworks */,
				77F7ABFB29DB480DABB176CD /* libRNVectorIcons.a in Frameworks */,
				FC1DBDE0A48B4857AD8FE2FA /* libRCTBEEPickerManager.a in Frameworks */,
				77D2894A2CEB4A088C5AD2E6 /* libLRDRCTSimpleToast.a in Frameworks */,
				4EFFE8362B7A46DE9D1E2BA8 /* libRNExitApp.a in Frameworks */,
				8029DC04D008450EB6ED86EA /* libFastImage.a in Frameworks */,
				F918A7EE2ACC400CA391B2B7 /* libRNFS.a in Frameworks */,
				EFE845A8FF2B4A95ADB80952 /* libRNNotifications.a in Frameworks */,
				755C8AB7416A4085826A6D41 /* libRCTActionSheet.a in Frameworks */,
				8F4AE5411AC441EDA40E8CA1 /* libRNFIRMessaging.a in Frameworks */,
				1D306E6F675F4196FB6B94BA /* libPods-visitou.a in Frameworks */,
				2A35A078495B4BFCAE938207 /* libRNFirebase.a in Frameworks */,
			);
			runOnlyForDeploymentPostprocessing = 0;
		};
/* End PBXFrameworksBuildPhase section */

/* Begin PBXGroup section */
		00C302A81ABCB8CE00DB3ED1 /* Products */ = {
			isa = PBXGroup;
			children = (
				00C302AC1ABCB8CE00DB3ED1 /* libRCTActionSheet.a */,
			);
			name = Products;
			sourceTree = "<group>";
		};
		00C302B61ABCB90400DB3ED1 /* Products */ = {
			isa = PBXGroup;
			children = (
				00C302BA1ABCB90400DB3ED1 /* libRCTGeolocation.a */,
			);
			name = Products;
			sourceTree = "<group>";
		};
		00C302BC1ABCB91800DB3ED1 /* Products */ = {
			isa = PBXGroup;
			children = (
				00C302C01ABCB91800DB3ED1 /* libRCTImage.a */,
				3DAD3E841DF850E9000B6D8A /* libRCTImage-tvOS.a */,
			);
			name = Products;
			sourceTree = "<group>";
		};
		00C302D41ABCB9D200DB3ED1 /* Products */ = {
			isa = PBXGroup;
			children = (
				00C302DC1ABCB9D200DB3ED1 /* libRCTNetwork.a */,
				3DAD3E8C1DF850E9000B6D8A /* libRCTNetwork-tvOS.a */,
			);
			name = Products;
			sourceTree = "<group>";
		};
		00C302E01ABCB9EE00DB3ED1 /* Products */ = {
			isa = PBXGroup;
			children = (
				00C302E41ABCB9EE00DB3ED1 /* libRCTVibration.a */,
			);
			name = Products;
			sourceTree = "<group>";
		};
		00E356EF1AD99517003FC87E /* visitouTests */ = {
			isa = PBXGroup;
			children = (
				00E356F21AD99517003FC87E /* visitouTests.m */,
				00E356F01AD99517003FC87E /* Supporting Files */,
			);
			path = visitouTests;
			sourceTree = "<group>";
		};
		00E356F01AD99517003FC87E /* Supporting Files */ = {
			isa = PBXGroup;
			children = (
				00E356F11AD99517003FC87E /* Info.plist */,
			);
			name = "Supporting Files";
			sourceTree = "<group>";
		};
		06E49DC10AEE446AA882F085 /* Resources */ = {
			isa = PBXGroup;
			children = (
				6FE1CD9B33304B2F8B1D191B /* Entypo.ttf */,
				FEF46919DF9046C4BA377CA5 /* EvilIcons.ttf */,
				146DC32622E24A3EB7DDDFDF /* FontAwesome.ttf */,
				E93EC63D3BB34828A158204D /* Foundation.ttf */,
				977582E6200C979500D442EE /* eternal.ttf */,
				8B31CB0F2D0240559ADCA12B /* Ionicons.ttf */,
				E3BD9053506E46008B231EB8 /* MaterialIcons.ttf */,
				3C65A90340EE4ED0AD285C53 /* Octicons.ttf */,
				6DE6727A74ED4B85B6841E08 /* Roboto_medium.ttf */,
				A306FB8A0CE94856AC9BDDF2 /* Roboto.ttf */,
				520DD67AB41F42B8B2667A29 /* rubicon-icon-font.ttf */,
				F3B16C63E7BC4FB28AEEE7D4 /* SimpleLineIcons.ttf */,
				977582E4200BF71A00D442EE /* Yekan.ttf */,
				AD2E5833169D4C58A4E1CBAE /* Zocial.ttf */,
				44F72E9FBD444C4782A0BEB2 /* Feather.ttf */,
				6833F80BD6874A498B6C0637 /* MaterialCommunityIcons.ttf */,
				E8F8EB33EBDE49369FF319BA /* bkoodak.ttf */,
				977582B4200BF32200D442EE /* bnazanin.ttf */,
				8EC8B02C971445C4888D02F3 /* danstevis.otf */,
				42AE1AA33AE442E38E9DE204 /* eternal.ttf */,
				B4113FD71085413A9439F3C6 /* irsans.ttf */,
				EC07C9832D274843B521B0A9 /* koodak.ttf */,
				977582E1200BF4C900D442EE /* Mitra.ttf */,
			);
			name = Resources;
			sourceTree = "<group>";
		};
		139105B71AF99BAD00B5F7CC /* Products */ = {
			isa = PBXGroup;
			children = (
				139105C11AF99BAD00B5F7CC /* libRCTSettings.a */,
				3DAD3E901DF850E9000B6D8A /* libRCTSettings-tvOS.a */,
			);
			name = Products;
			sourceTree = "<group>";
		};
		139FDEE71B06529A00C62182 /* Products */ = {
			isa = PBXGroup;
			children = (
				139FDEF41B06529B00C62182 /* libRCTWebSocket.a */,
				3DAD3E991DF850E9000B6D8A /* libRCTWebSocket-tvOS.a */,
				97374DD51FF82A70008BA184 /* libfishhook.a */,
				97374DD71FF82A70008BA184 /* libfishhook-tvOS.a */,
			);
			name = Products;
			sourceTree = "<group>";
		};
		13B07FAE1A68108700A75B9A /* visitou */ = {
			isa = PBXGroup;
			children = (
				975BE1A6212856AD00838173 /* koon.png */,
				97CEDFCB212839A500AB5452 /* aan.png */,
				976E689920EE4F9B00EBDE75 /* LaunchScreen.xib */,
				970D6F6C20AD7E6E00C33DBC /* RNFIRMessaging.h */,
				97A8DC84208F377C00E8B928 /* GoogleService-Info.plist */,
				975694311FFE20F300B1072F /* visitou.entitlements */,
				008F07F21AC5B25A0029DE68 /* main.jsbundle */,
				13B07FAF1A68108700A75B9A /* AppDelegate.h */,
				13B07FB01A68108700A75B9A /* AppDelegate.m */,
				13B07FB51A68108700A75B9A /* Images.xcassets */,
				13B07FB61A68108700A75B9A /* Info.plist */,
				13B07FB71A68108700A75B9A /* main.m */,
			);
			name = visitou;
			sourceTree = "<group>";
		};
		146834001AC3E56700842450 /* Products */ = {
			isa = PBXGroup;
			children = (
				146834041AC3E56700842450 /* libReact.a */,
				3DAD3EA31DF850E9000B6D8A /* libReact.a */,
				3DAD3EA51DF850E9000B6D8A /* libyoga.a */,
				3DAD3EA71DF850E9000B6D8A /* libyoga.a */,
				3DAD3EA91DF850E9000B6D8A /* libcxxreact.a */,
				3DAD3EAB1DF850E9000B6D8A /* libcxxreact.a */,
				3DAD3EAD1DF850E9000B6D8A /* libjschelpers.a */,
				3DAD3EAF1DF850E9000B6D8A /* libjschelpers.a */,
				97374E1C1FF8DFAF008BA184 /* libthird-party.a */,
				97374E1E1FF8DFAF008BA184 /* libthird-party.a */,
				97374E201FF8DFAF008BA184 /* libdouble-conversion.a */,
				97374E221FF8DFAF008BA184 /* libdouble-conversion.a */,
				97374E241FF8DFAF008BA184 /* libprivatedata.a */,
				97374E261FF8DFAF008BA184 /* libprivatedata-tvOS.a */,
			);
			name = Products;
			sourceTree = "<group>";
		};
		3679EE176693D5BBBA9BB34D /* Frameworks */ = {
			isa = PBXGroup;
			children = (
				BC22C5925998947B2A2F1F09 /* libPods-visitou.a */,
				375A1F500B8560AAF9DA5B08 /* libPods-visitou-tvOSTests.a */,
				65A61055781F775C2AFC86E1 /* libPods-visitouTests.a */,
			);
			name = Frameworks;
			sourceTree = "<group>";
		};
		5E91572E1DD0AC6500FF2AA8 /* Products */ = {
			isa = PBXGroup;
			children = (
				5E9157331DD0AC6500FF2AA8 /* libRCTAnimation.a */,
				5E9157351DD0AC6500FF2AA8 /* libRCTAnimation.a */,
			);
			name = Products;
			sourceTree = "<group>";
		};
		78C398B11ACF4ADC00677621 /* Products */ = {
			isa = PBXGroup;
			children = (
				78C398B91ACF4ADC00677621 /* libRCTLinking.a */,
				3DAD3E881DF850E9000B6D8A /* libRCTLinking-tvOS.a */,
			);
			name = Products;
			sourceTree = "<group>";
		};
		832341AE1AAA6A7D00B99B32 /* Libraries */ = {
			isa = PBXGroup;
			children = (
				975A305020333779008CF8F3 /* RCTPushNotification.xcodeproj */,
				97374E8E1FF8F4BF008BA184 /* ART.xcodeproj */,
				5E91572D1DD0AC6500FF2AA8 /* RCTAnimation.xcodeproj */,
				146833FF1AC3E56700842450 /* React.xcodeproj */,
				00C302A71ABCB8CE00DB3ED1 /* RCTActionSheet.xcodeproj */,
				ADBDB91F1DFEBF0600ED6528 /* RCTBlob.xcodeproj */,
				00C302B51ABCB90400DB3ED1 /* RCTGeolocation.xcodeproj */,
				00C302BB1ABCB91800DB3ED1 /* RCTImage.xcodeproj */,
				78C398B01ACF4ADC00677621 /* RCTLinking.xcodeproj */,
				00C302D31ABCB9D200DB3ED1 /* RCTNetwork.xcodeproj */,
				139105B61AF99BAD00B5F7CC /* RCTSettings.xcodeproj */,
				832341B01AAA6A8300B99B32 /* RCTText.xcodeproj */,
				00C302DF1ABCB9EE00DB3ED1 /* RCTVibration.xcodeproj */,
				139FDEE61B06529A00C62182 /* RCTWebSocket.xcodeproj */,
				E7F31183A76E443188F63C71 /* RNVectorIcons.xcodeproj */,
				1AD15F51FA3D4B2F98AEDF89 /* RCTBEEPickerManager.xcodeproj */,
				5990FE13D9F54F77B4DA6014 /* LRDRCTSimpleToast.xcodeproj */,
				EE888E70359641A7872007B3 /* RNExitApp.xcodeproj */,
				7F7C9F1C23244BCE82D072E2 /* FastImage.xcodeproj */,
				7980A7E4F3F04FE989A11A97 /* RNFS.xcodeproj */,
				4F76F61CD4A445B19CE02FAF /* RNNotifications.xcodeproj */,
				DACE0FBC2F3844008B55EA7C /* StarRatingViewDemo.xcodeproj */,
				DF5F8FB750494F89A349E55B /* RNFIRMessaging.xcodeproj */,
				99C208717D6F4BDAA5A97830 /* RNFileOpener.xcodeproj */,
				0B1084731AC94D58BC132555 /* RNFirebase.xcodeproj */,
			);
			name = Libraries;
			sourceTree = "<group>";
		};
		832341B11AAA6A8300B99B32 /* Products */ = {
			isa = PBXGroup;
			children = (
				832341B51AAA6A8300B99B32 /* libRCTText.a */,
				3DAD3E941DF850E9000B6D8A /* libRCTText-tvOS.a */,
			);
			name = Products;
			sourceTree = "<group>";
		};
		83CBB9F61A601CBA00E9B192 = {
			isa = PBXGroup;
			children = (
				97B7005E1FFA8A880056C9D8 /* eternal.ttf */,
				97B7008A1FFA8A880056C9D8 /* irsans.ttf */,
				97B7008B1FFA8A890056C9D8 /* koodak.ttf */,
				13B07FAE1A68108700A75B9A /* visitou */,
				832341AE1AAA6A7D00B99B32 /* Libraries */,
				00E356EF1AD99517003FC87E /* visitouTests */,
				83CBBA001A601CBA00E9B192 /* Products */,
				06E49DC10AEE446AA882F085 /* Resources */,
				97374DBC1FF82A6B008BA184 /* Recovered References */,
				F55494079A7D5D6F1FF40EAF /* Pods */,
				3679EE176693D5BBBA9BB34D /* Frameworks */,
			);
			indentWidth = 2;
			sourceTree = "<group>";
			tabWidth = 2;
			usesTabs = 0;
		};
		83CBBA001A601CBA00E9B192 /* Products */ = {
			isa = PBXGroup;
			children = (
				13B07F961A680F5B00A75B9A /* visitou.app */,
			);
			name = Products;
			sourceTree = "<group>";
		};
		970D6F0E20AD7A2100C33DBC /* Products */ = {
			isa = PBXGroup;
			children = (
				970D6F1420AD7A2100C33DBC /* libRNFileOpener.a */,
			);
			name = Products;
			sourceTree = "<group>";
		};
		970D6F1020AD7A2100C33DBC /* Products */ = {
			isa = PBXGroup;
			children = (
				970D6F1720AD7A2100C33DBC /* libRNFirebase.a */,
			);
			name = Products;
			sourceTree = "<group>";
		};
		97374DBC1FF82A6B008BA184 /* Recovered References */ = {
			isa = PBXGroup;
			children = (
				7BD8A346149B445D8EEA4C5B /* libRNVectorIcons.a */,
				B82D744A77214FEC8E29B37D /* libRCTBEEPickerManager.a */,
				3F07CF03B2644EBA82DB484C /* libLRDRCTSimpleToast.a */,
				4E16B20A11DA47A0B1C54AB5 /* libRNExitApp.a */,
				8041C45D5922439E98B94AC0 /* libFastImage.a */,
				806422C600394FCDA0194A9F /* libRNFetchBlob.a */,
				B86260BD212D43C3BBCDF1C6 /* libSplashScreen.a */,
				6DF3DABC07494D7F9A8ACD71 /* libRNFS.a */,
				7776E4DB87C84A708210535F /* libRNFileOpener.a */,
				859CE913A4334FCEAA219090 /* libRNNotifications.a */,
				14B78CE39DE5424597DD50CC /* libRCTActionSheet.a */,
				CCCE9474D4054C5B8A678CB2 /* libRNBackgroundFetch.a */,
				703B1E240A6B49C28750B909 /* TSBackgroundFetch.framework */,
				A2FB38CD7086481AB361A7B8 /* libRNFIRMessaging.a */,
				FE1976F801194B739F46FD73 /* libRNFirebase.a */,
			);
			name = "Recovered References";
			sourceTree = "<group>";
		};
		97374DD81FF82A71008BA184 /* Products */ = {
			isa = PBXGroup;
			children = (
				97374DE61FF82A72008BA184 /* libRNVectorIcons.a */,
			);
			name = Products;
			sourceTree = "<group>";
		};
		97374DDA1FF82A71008BA184 /* Products */ = {
			isa = PBXGroup;
			children = (
				97374DE31FF82A72008BA184 /* libRCTBEEPickerManager.a */,
			);
			name = Products;
			sourceTree = "<group>";
		};
		97374DDC1FF82A71008BA184 /* Products */ = {
			isa = PBXGroup;
			children = (
				97374DE01FF82A72008BA184 /* libLRDRCTSimpleToast.a */,
			);
			name = Products;
			sourceTree = "<group>";
		};
		97374E281FF8DFB2008BA184 /* Products */ = {
			isa = PBXGroup;
			children = (
				97374E2C1FF8DFB2008BA184 /* libRNExitApp.a */,
			);
			name = Products;
			sourceTree = "<group>";
		};
		97374E891FF8EBA4008BA184 /* Products */ = {
			isa = PBXGroup;
			children = (
				97374E8D1FF8EBA4008BA184 /* libFastImage.a */,
			);
			name = Products;
			sourceTree = "<group>";
		};
		97374E8F1FF8F4BF008BA184 /* Products */ = {
			isa = PBXGroup;
			children = (
				97374E941FF8F4C0008BA184 /* libART.a */,
				97374E961FF8F4C0008BA184 /* libART-tvOS.a */,
			);
			name = Products;
			sourceTree = "<group>";
		};
		975A305120333779008CF8F3 /* Products */ = {
			isa = PBXGroup;
			children = (
				975A30672033377A008CF8F3 /* libRCTPushNotification.a */,
				975A30692033377A008CF8F3 /* libRCTPushNotification-tvOS.a */,
			);
			name = Products;
			sourceTree = "<group>";
		};
		978BFA3D200F35060063CD42 /* Products */ = {
			isa = PBXGroup;
			children = (
				978BFA42200F35060063CD42 /* libRNFS.a */,
				978BFA44200F35060063CD42 /* libRNFS.a */,
			);
			name = Products;
			sourceTree = "<group>";
		};
		97D42BC0203C0C5700194269 /* Products */ = {
			isa = PBXGroup;
			children = (
				97D42BC4203C0C5700194269 /* libRNFIRMessaging.a */,
			);
			name = Products;
			sourceTree = "<group>";
		};
		97DC71012033166A00259E15 /* Products */ = {
			isa = PBXGroup;
			children = (
				97DC71082033166A00259E15 /* StarRatingViewDemo.app */,
				97DC710A2033166A00259E15 /* StarRatingViewDemoTests.xctest */,
				97DC710C2033166A00259E15 /* StarRatingViewDemo-tvOS.app */,
				97DC710E2033166A00259E15 /* StarRatingViewDemo-tvOSTests.xctest */,
			);
			name = Products;
			sourceTree = "<group>";
		};
		97DC710F2033166A00259E15 /* Products */ = {
			isa = PBXGroup;
			children = (
				97DC71132033166A00259E15 /* libRNNotifications.a */,
			);
			name = Products;
			sourceTree = "<group>";
		};
		ADBDB9201DFEBF0600ED6528 /* Products */ = {
			isa = PBXGroup;
			children = (
				ADBDB9271DFEBF0700ED6528 /* libRCTBlob.a */,
				97374DC31FF82A70008BA184 /* libRCTBlob-tvOS.a */,
			);
			name = Products;
			sourceTree = "<group>";
		};
		F55494079A7D5D6F1FF40EAF /* Pods */ = {
			isa = PBXGroup;
			children = (
				63119DC57416652C4FA29BE9 /* Pods-visitou.debug.xcconfig */,
				7C5A4ACDB911F81031315BAA /* Pods-visitou.release.xcconfig */,
			);
			name = Pods;
			sourceTree = "<group>";
		};
/* End PBXGroup section */

/* Begin PBXNativeTarget section */
		13B07F861A680F5B00A75B9A /* visitou */ = {
			isa = PBXNativeTarget;
			buildConfigurationList = 13B07F931A680F5B00A75B9A /* Build configuration list for PBXNativeTarget "visitou" */;
			buildPhases = (
				5558F74FC531B2407A47FA60 /* [CP] Check Pods Manifest.lock */,
				13B07F871A680F5B00A75B9A /* Sources */,
				13B07F8C1A680F5B00A75B9A /* Frameworks */,
				13B07F8E1A680F5B00A75B9A /* Resources */,
				00DD1BFF1BD5951E006B06BC /* Bundle React Native code and images */,
			);
			buildRules = (
			);
			dependencies = (
			);
			name = visitou;
			productName = "Hello World";
			productReference = 13B07F961A680F5B00A75B9A /* visitou.app */;
			productType = "com.apple.product-type.application";
		};
/* End PBXNativeTarget section */

/* Begin PBXProject section */
		83CBB9F71A601CBA00E9B192 /* Project object */ = {
			isa = PBXProject;
			attributes = {
				LastUpgradeCheck = 610;
				ORGANIZATIONNAME = Facebook;
				TargetAttributes = {
					13B07F861A680F5B00A75B9A = {
						DevelopmentTeam = K3SS93GZAC;
						ProvisioningStyle = Automatic;
						SystemCapabilities = {
							com.apple.BackgroundModes = {
								enabled = true;
							};
							com.apple.Keychain = {
								enabled = 0;
							};
							com.apple.Push = {
								enabled = 1;
							};
						};
					};
				};
			};
			buildConfigurationList = 83CBB9FA1A601CBA00E9B192 /* Build configuration list for PBXProject "visitou" */;
			compatibilityVersion = "Xcode 3.2";
			developmentRegion = English;
			hasScannedForEncodings = 0;
			knownRegions = (
				en,
				Base,
			);
			mainGroup = 83CBB9F61A601CBA00E9B192;
			productRefGroup = 83CBBA001A601CBA00E9B192 /* Products */;
			projectDirPath = "";
			projectReferences = (
				{
					ProductGroup = 97374E8F1FF8F4BF008BA184 /* Products */;
					ProjectRef = 97374E8E1FF8F4BF008BA184 /* ART.xcodeproj */;
				},
				{
					ProductGroup = 97374E891FF8EBA4008BA184 /* Products */;
					ProjectRef = 7F7C9F1C23244BCE82D072E2 /* FastImage.xcodeproj */;
				},
				{
					ProductGroup = 97374DDC1FF82A71008BA184 /* Products */;
					ProjectRef = 5990FE13D9F54F77B4DA6014 /* LRDRCTSimpleToast.xcodeproj */;
				},
				{
					ProductGroup = 00C302A81ABCB8CE00DB3ED1 /* Products */;
					ProjectRef = 00C302A71ABCB8CE00DB3ED1 /* RCTActionSheet.xcodeproj */;
				},
				{
					ProductGroup = 5E91572E1DD0AC6500FF2AA8 /* Products */;
					ProjectRef = 5E91572D1DD0AC6500FF2AA8 /* RCTAnimation.xcodeproj */;
				},
				{
					ProductGroup = 97374DDA1FF82A71008BA184 /* Products */;
					ProjectRef = 1AD15F51FA3D4B2F98AEDF89 /* RCTBEEPickerManager.xcodeproj */;
				},
				{
					ProductGroup = ADBDB9201DFEBF0600ED6528 /* Products */;
					ProjectRef = ADBDB91F1DFEBF0600ED6528 /* RCTBlob.xcodeproj */;
				},
				{
					ProductGroup = 00C302B61ABCB90400DB3ED1 /* Products */;
					ProjectRef = 00C302B51ABCB90400DB3ED1 /* RCTGeolocation.xcodeproj */;
				},
				{
					ProductGroup = 00C302BC1ABCB91800DB3ED1 /* Products */;
					ProjectRef = 00C302BB1ABCB91800DB3ED1 /* RCTImage.xcodeproj */;
				},
				{
					ProductGroup = 78C398B11ACF4ADC00677621 /* Products */;
					ProjectRef = 78C398B01ACF4ADC00677621 /* RCTLinking.xcodeproj */;
				},
				{
					ProductGroup = 00C302D41ABCB9D200DB3ED1 /* Products */;
					ProjectRef = 00C302D31ABCB9D200DB3ED1 /* RCTNetwork.xcodeproj */;
				},
				{
					ProductGroup = 975A305120333779008CF8F3 /* Products */;
					ProjectRef = 975A305020333779008CF8F3 /* RCTPushNotification.xcodeproj */;
				},
				{
					ProductGroup = 139105B71AF99BAD00B5F7CC /* Products */;
					ProjectRef = 139105B61AF99BAD00B5F7CC /* RCTSettings.xcodeproj */;
				},
				{
					ProductGroup = 832341B11AAA6A8300B99B32 /* Products */;
					ProjectRef = 832341B01AAA6A8300B99B32 /* RCTText.xcodeproj */;
				},
				{
					ProductGroup = 00C302E01ABCB9EE00DB3ED1 /* Products */;
					ProjectRef = 00C302DF1ABCB9EE00DB3ED1 /* RCTVibration.xcodeproj */;
				},
				{
					ProductGroup = 139FDEE71B06529A00C62182 /* Products */;
					ProjectRef = 139FDEE61B06529A00C62182 /* RCTWebSocket.xcodeproj */;
				},
				{
					ProductGroup = 146834001AC3E56700842450 /* Products */;
					ProjectRef = 146833FF1AC3E56700842450 /* React.xcodeproj */;
				},
				{
					ProductGroup = 97374E281FF8DFB2008BA184 /* Products */;
					ProjectRef = EE888E70359641A7872007B3 /* RNExitApp.xcodeproj */;
				},
				{
					ProductGroup = 970D6F0E20AD7A2100C33DBC /* Products */;
					ProjectRef = 99C208717D6F4BDAA5A97830 /* RNFileOpener.xcodeproj */;
				},
				{
					ProductGroup = 970D6F1020AD7A2100C33DBC /* Products */;
					ProjectRef = 0B1084731AC94D58BC132555 /* RNFirebase.xcodeproj */;
				},
				{
					ProductGroup = 97D42BC0203C0C5700194269 /* Products */;
					ProjectRef = DF5F8FB750494F89A349E55B /* RNFIRMessaging.xcodeproj */;
				},
				{
					ProductGroup = 978BFA3D200F35060063CD42 /* Products */;
					ProjectRef = 7980A7E4F3F04FE989A11A97 /* RNFS.xcodeproj */;
				},
				{
					ProductGroup = 97DC710F2033166A00259E15 /* Products */;
					ProjectRef = 4F76F61CD4A445B19CE02FAF /* RNNotifications.xcodeproj */;
				},
				{
					ProductGroup = 97374DD81FF82A71008BA184 /* Products */;
					ProjectRef = E7F31183A76E443188F63C71 /* RNVectorIcons.xcodeproj */;
				},
				{
					ProductGroup = 97DC71012033166A00259E15 /* Products */;
					ProjectRef = DACE0FBC2F3844008B55EA7C /* StarRatingViewDemo.xcodeproj */;
				},
			);
			projectRoot = "";
			targets = (
				13B07F861A680F5B00A75B9A /* visitou */,
			);
		};
/* End PBXProject section */

/* Begin PBXReferenceProxy section */
		00C302AC1ABCB8CE00DB3ED1 /* libRCTActionSheet.a */ = {
			isa = PBXReferenceProxy;
			fileType = archive.ar;
			path = libRCTActionSheet.a;
			remoteRef = 00C302AB1ABCB8CE00DB3ED1 /* PBXContainerItemProxy */;
			sourceTree = BUILT_PRODUCTS_DIR;
		};
		00C302BA1ABCB90400DB3ED1 /* libRCTGeolocation.a */ = {
			isa = PBXReferenceProxy;
			fileType = archive.ar;
			path = libRCTGeolocation.a;
			remoteRef = 00C302B91ABCB90400DB3ED1 /* PBXContainerItemProxy */;
			sourceTree = BUILT_PRODUCTS_DIR;
		};
		00C302C01ABCB91800DB3ED1 /* libRCTImage.a */ = {
			isa = PBXReferenceProxy;
			fileType = archive.ar;
			path = libRCTImage.a;
			remoteRef = 00C302BF1ABCB91800DB3ED1 /* PBXContainerItemProxy */;
			sourceTree = BUILT_PRODUCTS_DIR;
		};
		00C302DC1ABCB9D200DB3ED1 /* libRCTNetwork.a */ = {
			isa = PBXReferenceProxy;
			fileType = archive.ar;
			path = libRCTNetwork.a;
			remoteRef = 00C302DB1ABCB9D200DB3ED1 /* PBXContainerItemProxy */;
			sourceTree = BUILT_PRODUCTS_DIR;
		};
		00C302E41ABCB9EE00DB3ED1 /* libRCTVibration.a */ = {
			isa = PBXReferenceProxy;
			fileType = archive.ar;
			path = libRCTVibration.a;
			remoteRef = 00C302E31ABCB9EE00DB3ED1 /* PBXContainerItemProxy */;
			sourceTree = BUILT_PRODUCTS_DIR;
		};
		139105C11AF99BAD00B5F7CC /* libRCTSettings.a */ = {
			isa = PBXReferenceProxy;
			fileType = archive.ar;
			path = libRCTSettings.a;
			remoteRef = 139105C01AF99BAD00B5F7CC /* PBXContainerItemProxy */;
			sourceTree = BUILT_PRODUCTS_DIR;
		};
		139FDEF41B06529B00C62182 /* libRCTWebSocket.a */ = {
			isa = PBXReferenceProxy;
			fileType = archive.ar;
			path = libRCTWebSocket.a;
			remoteRef = 139FDEF31B06529B00C62182 /* PBXContainerItemProxy */;
			sourceTree = BUILT_PRODUCTS_DIR;
		};
		146834041AC3E56700842450 /* libReact.a */ = {
			isa = PBXReferenceProxy;
			fileType = archive.ar;
			path = libReact.a;
			remoteRef = 146834031AC3E56700842450 /* PBXContainerItemProxy */;
			sourceTree = BUILT_PRODUCTS_DIR;
		};
		3DAD3E841DF850E9000B6D8A /* libRCTImage-tvOS.a */ = {
			isa = PBXReferenceProxy;
			fileType = archive.ar;
			path = "libRCTImage-tvOS.a";
			remoteRef = 3DAD3E831DF850E9000B6D8A /* PBXContainerItemProxy */;
			sourceTree = BUILT_PRODUCTS_DIR;
		};
		3DAD3E881DF850E9000B6D8A /* libRCTLinking-tvOS.a */ = {
			isa = PBXReferenceProxy;
			fileType = archive.ar;
			path = "libRCTLinking-tvOS.a";
			remoteRef = 3DAD3E871DF850E9000B6D8A /* PBXContainerItemProxy */;
			sourceTree = BUILT_PRODUCTS_DIR;
		};
		3DAD3E8C1DF850E9000B6D8A /* libRCTNetwork-tvOS.a */ = {
			isa = PBXReferenceProxy;
			fileType = archive.ar;
			path = "libRCTNetwork-tvOS.a";
			remoteRef = 3DAD3E8B1DF850E9000B6D8A /* PBXContainerItemProxy */;
			sourceTree = BUILT_PRODUCTS_DIR;
		};
		3DAD3E901DF850E9000B6D8A /* libRCTSettings-tvOS.a */ = {
			isa = PBXReferenceProxy;
			fileType = archive.ar;
			path = "libRCTSettings-tvOS.a";
			remoteRef = 3DAD3E8F1DF850E9000B6D8A /* PBXContainerItemProxy */;
			sourceTree = BUILT_PRODUCTS_DIR;
		};
		3DAD3E941DF850E9000B6D8A /* libRCTText-tvOS.a */ = {
			isa = PBXReferenceProxy;
			fileType = archive.ar;
			path = "libRCTText-tvOS.a";
			remoteRef = 3DAD3E931DF850E9000B6D8A /* PBXContainerItemProxy */;
			sourceTree = BUILT_PRODUCTS_DIR;
		};
		3DAD3E991DF850E9000B6D8A /* libRCTWebSocket-tvOS.a */ = {
			isa = PBXReferenceProxy;
			fileType = archive.ar;
			path = "libRCTWebSocket-tvOS.a";
			remoteRef = 3DAD3E981DF850E9000B6D8A /* PBXContainerItemProxy */;
			sourceTree = BUILT_PRODUCTS_DIR;
		};
		3DAD3EA31DF850E9000B6D8A /* libReact.a */ = {
			isa = PBXReferenceProxy;
			fileType = archive.ar;
			path = libReact.a;
			remoteRef = 3DAD3EA21DF850E9000B6D8A /* PBXContainerItemProxy */;
			sourceTree = BUILT_PRODUCTS_DIR;
		};
		3DAD3EA51DF850E9000B6D8A /* libyoga.a */ = {
			isa = PBXReferenceProxy;
			fileType = archive.ar;
			path = libyoga.a;
			remoteRef = 3DAD3EA41DF850E9000B6D8A /* PBXContainerItemProxy */;
			sourceTree = BUILT_PRODUCTS_DIR;
		};
		3DAD3EA71DF850E9000B6D8A /* libyoga.a */ = {
			isa = PBXReferenceProxy;
			fileType = archive.ar;
			path = libyoga.a;
			remoteRef = 3DAD3EA61DF850E9000B6D8A /* PBXContainerItemProxy */;
			sourceTree = BUILT_PRODUCTS_DIR;
		};
		3DAD3EA91DF850E9000B6D8A /* libcxxreact.a */ = {
			isa = PBXReferenceProxy;
			fileType = archive.ar;
			path = libcxxreact.a;
			remoteRef = 3DAD3EA81DF850E9000B6D8A /* PBXContainerItemProxy */;
			sourceTree = BUILT_PRODUCTS_DIR;
		};
		3DAD3EAB1DF850E9000B6D8A /* libcxxreact.a */ = {
			isa = PBXReferenceProxy;
			fileType = archive.ar;
			path = libcxxreact.a;
			remoteRef = 3DAD3EAA1DF850E9000B6D8A /* PBXContainerItemProxy */;
			sourceTree = BUILT_PRODUCTS_DIR;
		};
		3DAD3EAD1DF850E9000B6D8A /* libjschelpers.a */ = {
			isa = PBXReferenceProxy;
			fileType = archive.ar;
			path = libjschelpers.a;
			remoteRef = 3DAD3EAC1DF850E9000B6D8A /* PBXContainerItemProxy */;
			sourceTree = BUILT_PRODUCTS_DIR;
		};
		3DAD3EAF1DF850E9000B6D8A /* libjschelpers.a */ = {
			isa = PBXReferenceProxy;
			fileType = archive.ar;
			path = libjschelpers.a;
			remoteRef = 3DAD3EAE1DF850E9000B6D8A /* PBXContainerItemProxy */;
			sourceTree = BUILT_PRODUCTS_DIR;
		};
		5E9157331DD0AC6500FF2AA8 /* libRCTAnimation.a */ = {
			isa = PBXReferenceProxy;
			fileType = archive.ar;
			path = libRCTAnimation.a;
			remoteRef = 5E9157321DD0AC6500FF2AA8 /* PBXContainerItemProxy */;
			sourceTree = BUILT_PRODUCTS_DIR;
		};
		5E9157351DD0AC6500FF2AA8 /* libRCTAnimation.a */ = {
			isa = PBXReferenceProxy;
			fileType = archive.ar;
			path = libRCTAnimation.a;
			remoteRef = 5E9157341DD0AC6500FF2AA8 /* PBXContainerItemProxy */;
			sourceTree = BUILT_PRODUCTS_DIR;
		};
		78C398B91ACF4ADC00677621 /* libRCTLinking.a */ = {
			isa = PBXReferenceProxy;
			fileType = archive.ar;
			path = libRCTLinking.a;
			remoteRef = 78C398B81ACF4ADC00677621 /* PBXContainerItemProxy */;
			sourceTree = BUILT_PRODUCTS_DIR;
		};
		832341B51AAA6A8300B99B32 /* libRCTText.a */ = {
			isa = PBXReferenceProxy;
			fileType = archive.ar;
			path = libRCTText.a;
			remoteRef = 832341B41AAA6A8300B99B32 /* PBXContainerItemProxy */;
			sourceTree = BUILT_PRODUCTS_DIR;
		};
		970D6F1420AD7A2100C33DBC /* libRNFileOpener.a */ = {
			isa = PBXReferenceProxy;
			fileType = archive.ar;
			path = libRNFileOpener.a;
			remoteRef = 970D6F1320AD7A2100C33DBC /* PBXContainerItemProxy */;
			sourceTree = BUILT_PRODUCTS_DIR;
		};
		970D6F1720AD7A2100C33DBC /* libRNFirebase.a */ = {
			isa = PBXReferenceProxy;
			fileType = archive.ar;
			path = libRNFirebase.a;
			remoteRef = 970D6F1620AD7A2100C33DBC /* PBXContainerItemProxy */;
			sourceTree = BUILT_PRODUCTS_DIR;
		};
		97374DC31FF82A70008BA184 /* libRCTBlob-tvOS.a */ = {
			isa = PBXReferenceProxy;
			fileType = archive.ar;
			path = "libRCTBlob-tvOS.a";
			remoteRef = 97374DC21FF82A70008BA184 /* PBXContainerItemProxy */;
			sourceTree = BUILT_PRODUCTS_DIR;
		};
		97374DD51FF82A70008BA184 /* libfishhook.a */ = {
			isa = PBXReferenceProxy;
			fileType = archive.ar;
			path = libfishhook.a;
			remoteRef = 97374DD41FF82A70008BA184 /* PBXContainerItemProxy */;
			sourceTree = BUILT_PRODUCTS_DIR;
		};
		97374DD71FF82A70008BA184 /* libfishhook-tvOS.a */ = {
			isa = PBXReferenceProxy;
			fileType = archive.ar;
			path = "libfishhook-tvOS.a";
			remoteRef = 97374DD61FF82A70008BA184 /* PBXContainerItemProxy */;
			sourceTree = BUILT_PRODUCTS_DIR;
		};
		97374DE01FF82A72008BA184 /* libLRDRCTSimpleToast.a */ = {
			isa = PBXReferenceProxy;
			fileType = archive.ar;
			path = libLRDRCTSimpleToast.a;
			remoteRef = 97374DDF1FF82A72008BA184 /* PBXContainerItemProxy */;
			sourceTree = BUILT_PRODUCTS_DIR;
		};
		97374DE31FF82A72008BA184 /* libRCTBEEPickerManager.a */ = {
			isa = PBXReferenceProxy;
			fileType = archive.ar;
			path = libRCTBEEPickerManager.a;
			remoteRef = 97374DE21FF82A72008BA184 /* PBXContainerItemProxy */;
			sourceTree = BUILT_PRODUCTS_DIR;
		};
		97374DE61FF82A72008BA184 /* libRNVectorIcons.a */ = {
			isa = PBXReferenceProxy;
			fileType = archive.ar;
			path = libRNVectorIcons.a;
			remoteRef = 97374DE51FF82A72008BA184 /* PBXContainerItemProxy */;
			sourceTree = BUILT_PRODUCTS_DIR;
		};
		97374E1C1FF8DFAF008BA184 /* libthird-party.a */ = {
			isa = PBXReferenceProxy;
			fileType = archive.ar;
			path = "libthird-party.a";
			remoteRef = 97374E1B1FF8DFAF008BA184 /* PBXContainerItemProxy */;
			sourceTree = BUILT_PRODUCTS_DIR;
		};
		97374E1E1FF8DFAF008BA184 /* libthird-party.a */ = {
			isa = PBXReferenceProxy;
			fileType = archive.ar;
			path = "libthird-party.a";
			remoteRef = 97374E1D1FF8DFAF008BA184 /* PBXContainerItemProxy */;
			sourceTree = BUILT_PRODUCTS_DIR;
		};
		97374E201FF8DFAF008BA184 /* libdouble-conversion.a */ = {
			isa = PBXReferenceProxy;
			fileType = archive.ar;
			path = "libdouble-conversion.a";
			remoteRef = 97374E1F1FF8DFAF008BA184 /* PBXContainerItemProxy */;
			sourceTree = BUILT_PRODUCTS_DIR;
		};
		97374E221FF8DFAF008BA184 /* libdouble-conversion.a */ = {
			isa = PBXReferenceProxy;
			fileType = archive.ar;
			path = "libdouble-conversion.a";
			remoteRef = 97374E211FF8DFAF008BA184 /* PBXContainerItemProxy */;
			sourceTree = BUILT_PRODUCTS_DIR;
		};
		97374E241FF8DFAF008BA184 /* libprivatedata.a */ = {
			isa = PBXReferenceProxy;
			fileType = archive.ar;
			path = libprivatedata.a;
			remoteRef = 97374E231FF8DFAF008BA184 /* PBXContainerItemProxy */;
			sourceTree = BUILT_PRODUCTS_DIR;
		};
		97374E261FF8DFAF008BA184 /* libprivatedata-tvOS.a */ = {
			isa = PBXReferenceProxy;
			fileType = archive.ar;
			path = "libprivatedata-tvOS.a";
			remoteRef = 97374E251FF8DFAF008BA184 /* PBXContainerItemProxy */;
			sourceTree = BUILT_PRODUCTS_DIR;
		};
		97374E2C1FF8DFB2008BA184 /* libRNExitApp.a */ = {
			isa = PBXReferenceProxy;
			fileType = archive.ar;
			path = libRNExitApp.a;
			remoteRef = 97374E2B1FF8DFB2008BA184 /* PBXContainerItemProxy */;
			sourceTree = BUILT_PRODUCTS_DIR;
		};
		97374E8D1FF8EBA4008BA184 /* libFastImage.a */ = {
			isa = PBXReferenceProxy;
			fileType = archive.ar;
			path = libFastImage.a;
			remoteRef = 97374E8C1FF8EBA4008BA184 /* PBXContainerItemProxy */;
			sourceTree = BUILT_PRODUCTS_DIR;
		};
		97374E941FF8F4C0008BA184 /* libART.a */ = {
			isa = PBXReferenceProxy;
			fileType = archive.ar;
			path = libART.a;
			remoteRef = 97374E931FF8F4C0008BA184 /* PBXContainerItemProxy */;
			sourceTree = BUILT_PRODUCTS_DIR;
		};
		97374E961FF8F4C0008BA184 /* libART-tvOS.a */ = {
			isa = PBXReferenceProxy;
			fileType = archive.ar;
			path = "libART-tvOS.a";
			remoteRef = 97374E951FF8F4C0008BA184 /* PBXContainerItemProxy */;
			sourceTree = BUILT_PRODUCTS_DIR;
		};
		975A30672033377A008CF8F3 /* libRCTPushNotification.a */ = {
			isa = PBXReferenceProxy;
			fileType = archive.ar;
			path = libRCTPushNotification.a;
			remoteRef = 975A30662033377A008CF8F3 /* PBXContainerItemProxy */;
			sourceTree = BUILT_PRODUCTS_DIR;
		};
		975A30692033377A008CF8F3 /* libRCTPushNotification-tvOS.a */ = {
			isa = PBXReferenceProxy;
			fileType = archive.ar;
			path = "libRCTPushNotification-tvOS.a";
			remoteRef = 975A30682033377A008CF8F3 /* PBXContainerItemProxy */;
			sourceTree = BUILT_PRODUCTS_DIR;
		};
		978BFA42200F35060063CD42 /* libRNFS.a */ = {
			isa = PBXReferenceProxy;
			fileType = archive.ar;
			path = libRNFS.a;
			remoteRef = 978BFA41200F35060063CD42 /* PBXContainerItemProxy */;
			sourceTree = BUILT_PRODUCTS_DIR;
		};
		978BFA44200F35060063CD42 /* libRNFS.a */ = {
			isa = PBXReferenceProxy;
			fileType = archive.ar;
			path = libRNFS.a;
			remoteRef = 978BFA43200F35060063CD42 /* PBXContainerItemProxy */;
			sourceTree = BUILT_PRODUCTS_DIR;
		};
		97D42BC4203C0C5700194269 /* libRNFIRMessaging.a */ = {
			isa = PBXReferenceProxy;
			fileType = archive.ar;
			path = libRNFIRMessaging.a;
			remoteRef = 97D42BC3203C0C5700194269 /* PBXContainerItemProxy */;
			sourceTree = BUILT_PRODUCTS_DIR;
		};
		97DC71082033166A00259E15 /* StarRatingViewDemo.app */ = {
			isa = PBXReferenceProxy;
			fileType = wrapper.application;
			path = StarRatingViewDemo.app;
			remoteRef = 97DC71072033166A00259E15 /* PBXContainerItemProxy */;
			sourceTree = BUILT_PRODUCTS_DIR;
		};
		97DC710A2033166A00259E15 /* StarRatingViewDemoTests.xctest */ = {
			isa = PBXReferenceProxy;
			fileType = wrapper.cfbundle;
			path = StarRatingViewDemoTests.xctest;
			remoteRef = 97DC71092033166A00259E15 /* PBXContainerItemProxy */;
			sourceTree = BUILT_PRODUCTS_DIR;
		};
		97DC710C2033166A00259E15 /* StarRatingViewDemo-tvOS.app */ = {
			isa = PBXReferenceProxy;
			fileType = wrapper.application;
			path = "StarRatingViewDemo-tvOS.app";
			remoteRef = 97DC710B2033166A00259E15 /* PBXContainerItemProxy */;
			sourceTree = BUILT_PRODUCTS_DIR;
		};
		97DC710E2033166A00259E15 /* StarRatingViewDemo-tvOSTests.xctest */ = {
			isa = PBXReferenceProxy;
			fileType = wrapper.cfbundle;
			path = "StarRatingViewDemo-tvOSTests.xctest";
			remoteRef = 97DC710D2033166A00259E15 /* PBXContainerItemProxy */;
			sourceTree = BUILT_PRODUCTS_DIR;
		};
		97DC71132033166A00259E15 /* libRNNotifications.a */ = {
			isa = PBXReferenceProxy;
			fileType = archive.ar;
			path = libRNNotifications.a;
			remoteRef = 97DC71122033166A00259E15 /* PBXContainerItemProxy */;
			sourceTree = BUILT_PRODUCTS_DIR;
		};
		ADBDB9271DFEBF0700ED6528 /* libRCTBlob.a */ = {
			isa = PBXReferenceProxy;
			fileType = archive.ar;
			path = libRCTBlob.a;
			remoteRef = ADBDB9261DFEBF0700ED6528 /* PBXContainerItemProxy */;
			sourceTree = BUILT_PRODUCTS_DIR;
		};
/* End PBXReferenceProxy section */

/* Begin PBXResourcesBuildPhase section */
		13B07F8E1A680F5B00A75B9A /* Resources */ = {
			isa = PBXResourcesBuildPhase;
			buildActionMask = 2147483647;
			files = (
				975BE1DD212856AD00838173 /* koon.png in Resources */,
				977582E2200BF66900D442EE /* bnazanin.ttf in Resources */,
				977582E3200BF66900D442EE /* Mitra.ttf in Resources */,
				13B07FBF1A68108700A75B9A /* Images.xcassets in Resources */,
				9C82C2C2F42646D4A1AD7E95 /* Entypo.ttf in Resources */,
				B8469053D9044FBEAD2D0502 /* EvilIcons.ttf in Resources */,
				6E4B5E90ACF14D7387BA0636 /* FontAwesome.ttf in Resources */,
				979BBE6420AAB033007C2A27 /* Info.plist in Resources */,
				8ACC356F6AD2416CB0B0DEE0 /* Foundation.ttf in Resources */,
				97CEE002212839A500AB5452 /* aan.png in Resources */,
				E14CC911C32642E5AD2E6B91 /* Ionicons.ttf in Resources */,
				976E68D020EE4F9C00EBDE75 /* LaunchScreen.xib in Resources */,
				8E0ED49A417F4268B388E7D3 /* MaterialIcons.ttf in Resources */,
				0773DE35726C4C86BCCE6C52 /* Octicons.ttf in Resources */,
				B31E3DED5B994466BF48F164 /* Roboto_medium.ttf in Resources */,
				97B7008D1FFA8A8A0056C9D8 /* irsans.ttf in Resources */,
				3AD0419F53AA45AC87DDB820 /* Roboto.ttf in Resources */,
				97B7008C1FFA8A8A0056C9D8 /* eternal.ttf in Resources */,
				97B7008E1FFA8A8A0056C9D8 /* koodak.ttf in Resources */,
				97A8DC85208F377C00E8B928 /* GoogleService-Info.plist in Resources */,
				551407EC9B33429D96AACBEC /* rubicon-icon-font.ttf in Resources */,
				D507E51459714783B8AFD7F7 /* SimpleLineIcons.ttf in Resources */,
				12613DB604264434952562E6 /* Zocial.ttf in Resources */,
				051A3B6A72464CC58700C5C3 /* Feather.ttf in Resources */,
				5ED88D83E3D04D65857ACBF7 /* MaterialCommunityIcons.ttf in Resources */,
				977582E5200BF72300D442EE /* Yekan.ttf in Resources */,
				25C664E200234BC8B9DD076F /* bkoodak.ttf in Resources */,
				B9CB195313FD4B8D9481AA85 /* danstevis.otf in Resources */,
				FEEAEB78AB754A87A0E213B7 /* eternal.ttf in Resources */,
				49C276A6BC8A464381255D5A /* irsans.ttf in Resources */,
				DB3295DE69094A02B860030F /* koodak.ttf in Resources */,
			);
			runOnlyForDeploymentPostprocessing = 0;
		};
/* End PBXResourcesBuildPhase section */

/* Begin PBXShellScriptBuildPhase section */
		00DD1BFF1BD5951E006B06BC /* Bundle React Native code and images */ = {
			isa = PBXShellScriptBuildPhase;
			buildActionMask = 2147483647;
			files = (
			);
			inputPaths = (
			);
			name = "Bundle React Native code and images";
			outputPaths = (
			);
			runOnlyForDeploymentPostprocessing = 0;
			shellPath = /bin/sh;
			shellScript = "export NODE_BINARY=node\n../node_modules/react-native/scripts/react-native-xcode.sh";
		};
		5558F74FC531B2407A47FA60 /* [CP] Check Pods Manifest.lock */ = {
			isa = PBXShellScriptBuildPhase;
			buildActionMask = 2147483647;
			files = (
			);
			inputPaths = (
				"${PODS_PODFILE_DIR_PATH}/Podfile.lock",
				"${PODS_ROOT}/Manifest.lock",
			);
			name = "[CP] Check Pods Manifest.lock";
			outputPaths = (
				"$(DERIVED_FILE_DIR)/Pods-visitou-checkManifestLockResult.txt",
			);
			runOnlyForDeploymentPostprocessing = 0;
			shellPath = /bin/sh;
			shellScript = "diff \"${PODS_PODFILE_DIR_PATH}/Podfile.lock\" \"${PODS_ROOT}/Manifest.lock\" > /dev/null\nif [ $? != 0 ] ; then\n    # print error to STDERR\n    echo \"error: The sandbox is not in sync with the Podfile.lock. Run 'pod install' or update your CocoaPods installation.\" >&2\n    exit 1\nfi\n# This output is used by Xcode 'outputs' to avoid re-running this script phase.\necho \"SUCCESS\" > \"${SCRIPT_OUTPUT_FILE_0}\"\n";
			showEnvVarsInLog = 0;
		};
/* End PBXShellScriptBuildPhase section */

/* Begin PBXSourcesBuildPhase section */
		13B07F871A680F5B00A75B9A /* Sources */ = {
			isa = PBXSourcesBuildPhase;
			buildActionMask = 2147483647;
			files = (
				13B07FBC1A68108700A75B9A /* AppDelegate.m in Sources */,
				13B07FC11A68108700A75B9A /* main.m in Sources */,
			);
			runOnlyForDeploymentPostprocessing = 0;
		};
/* End PBXSourcesBuildPhase section */

/* Begin XCBuildConfiguration section */
		13B07F941A680F5B00A75B9A /* Debug */ = {
			isa = XCBuildConfiguration;
			baseConfigurationReference = 63119DC57416652C4FA29BE9 /* Pods-visitou.debug.xcconfig */;
			buildSettings = {
				ASSETCATALOG_COMPILER_APPICON_NAME = AppIcon;
				CODE_SIGN_ENTITLEMENTS = visitou/visitou.entitlements;
				CODE_SIGN_IDENTITY = "iPhone Developer";
				"CODE_SIGN_IDENTITY[sdk=iphoneos*]" = "iPhone Developer";
				CODE_SIGN_STYLE = Automatic;
				CURRENT_PROJECT_VERSION = 1;
				DEAD_CODE_STRIPPING = NO;
				DEVELOPMENT_TEAM = K3SS93GZAC;
				FRAMEWORK_SEARCH_PATHS = "$(inherited)";
				HEADER_SEARCH_PATHS = (
					"$(inherited)",
					"<Multiple",
					"values>",
				);
				"HEADER_SEARCH_PATHS[arch=*]" = (
					"$(SRCROOT)/../node_modules/react-native-firebase/ios/RNFirebase",
					"$(inherited)",
				);
				INFOPLIST_FILE = visitou/Info.plist;
				IPHONEOS_DEPLOYMENT_TARGET = 8.0;
				LD_RUNPATH_SEARCH_PATHS = "$(inherited) @executable_path/Frameworks";
				"OTHER_CODE_SIGN_FLAGS[sdk=iphoneos*]" = "";
				OTHER_LDFLAGS = (
					"$(inherited)",
					"-ObjC",
					"-lc++",
				);
				PRODUCT_BUNDLE_IDENTIFIER = ir.koalasolutiongroup.visitou;
				PRODUCT_NAME = visitou;
				PROVISIONING_PROFILE_SPECIFIER = "";
				TARGETED_DEVICE_FAMILY = 1;
				VERSIONING_SYSTEM = "apple-generic";
			};
			name = Debug;
		};
		13B07F951A680F5B00A75B9A /* Release */ = {
			isa = XCBuildConfiguration;
			baseConfigurationReference = 7C5A4ACDB911F81031315BAA /* Pods-visitou.release.xcconfig */;
			buildSettings = {
				ASSETCATALOG_COMPILER_APPICON_NAME = AppIcon;
				CODE_SIGN_ENTITLEMENTS = visitou/visitou.entitlements;
				CODE_SIGN_IDENTITY = "iPhone Developer";
				"CODE_SIGN_IDENTITY[sdk=iphoneos*]" = "iPhone Developer";
				CODE_SIGN_STYLE = Automatic;
				CURRENT_PROJECT_VERSION = 1;
				DEVELOPMENT_TEAM = K3SS93GZAC;
				FRAMEWORK_SEARCH_PATHS = "$(inherited)";
				HEADER_SEARCH_PATHS = (
					"$(inherited)",
					"<Multiple",
					"values>",
				);
				"HEADER_SEARCH_PATHS[arch=*]" = (
					"$(SRCROOT)/../node_modules/react-native-firebase/ios/RNFirebase",
					"$(inherited)",
				);
				INFOPLIST_FILE = visitou/Info.plist;
				IPHONEOS_DEPLOYMENT_TARGET = 8.0;
				LD_RUNPATH_SEARCH_PATHS = "$(inherited) @executable_path/Frameworks";
				OTHER_LDFLAGS = (
					"$(inherited)",
					"-ObjC",
					"-lc++",
				);
				PRODUCT_BUNDLE_IDENTIFIER = ir.koalasolutiongroup.visitou;
				PRODUCT_NAME = visitou;
				PROVISIONING_PROFILE_SPECIFIER = "";
				TARGETED_DEVICE_FAMILY = 1;
				VERSIONING_SYSTEM = "apple-generic";
			};
			name = Release;
		};
		83CBBA201A601CBA00E9B192 /* Debug */ = {
			isa = XCBuildConfiguration;
			buildSettings = {
				ALWAYS_SEARCH_USER_PATHS = NO;
				CLANG_CXX_LANGUAGE_STANDARD = "gnu++0x";
				CLANG_CXX_LIBRARY = "libc++";
				CLANG_ENABLE_MODULES = YES;
				CLANG_ENABLE_OBJC_ARC = YES;
				CLANG_WARN_BOOL_CONVERSION = YES;
				CLANG_WARN_CONSTANT_CONVERSION = YES;
				CLANG_WARN_DIRECT_OBJC_ISA_USAGE = YES_ERROR;
				CLANG_WARN_EMPTY_BODY = YES;
				CLANG_WARN_ENUM_CONVERSION = YES;
				CLANG_WARN_INT_CONVERSION = YES;
				CLANG_WARN_OBJC_ROOT_CLASS = YES_ERROR;
				CLANG_WARN_UNREACHABLE_CODE = YES;
				CLANG_WARN__DUPLICATE_METHOD_MATCH = YES;
				"CODE_SIGN_IDENTITY[sdk=iphoneos*]" = "iPhone Developer";
				COPY_PHASE_STRIP = NO;
				ENABLE_STRICT_OBJC_MSGSEND = YES;
				GCC_C_LANGUAGE_STANDARD = gnu99;
				GCC_DYNAMIC_NO_PIC = NO;
				GCC_OPTIMIZATION_LEVEL = 0;
				GCC_PREPROCESSOR_DEFINITIONS = (
					"DEBUG=1",
					"$(inherited)",
				);
				GCC_SYMBOLS_PRIVATE_EXTERN = NO;
				GCC_WARN_64_TO_32_BIT_CONVERSION = YES;
				GCC_WARN_ABOUT_RETURN_TYPE = YES_ERROR;
				GCC_WARN_UNDECLARED_SELECTOR = YES;
				GCC_WARN_UNINITIALIZED_AUTOS = YES_AGGRESSIVE;
				GCC_WARN_UNUSED_FUNCTION = YES;
				GCC_WARN_UNUSED_VARIABLE = YES;
				IPHONEOS_DEPLOYMENT_TARGET = 8.0;
				MTL_ENABLE_DEBUG_INFO = YES;
				ONLY_ACTIVE_ARCH = YES;
				SDKROOT = iphoneos;
			};
			name = Debug;
		};
		83CBBA211A601CBA00E9B192 /* Release */ = {
			isa = XCBuildConfiguration;
			buildSettings = {
				ALWAYS_SEARCH_USER_PATHS = NO;
				CLANG_CXX_LANGUAGE_STANDARD = "gnu++0x";
				CLANG_CXX_LIBRARY = "libc++";
				CLANG_ENABLE_MODULES = YES;
				CLANG_ENABLE_OBJC_ARC = YES;
				CLANG_WARN_BOOL_CONVERSION = YES;
				CLANG_WARN_CONSTANT_CONVERSION = YES;
				CLANG_WARN_DIRECT_OBJC_ISA_USAGE = YES_ERROR;
				CLANG_WARN_EMPTY_BODY = YES;
				CLANG_WARN_ENUM_CONVERSION = YES;
				CLANG_WARN_INT_CONVERSION = YES;
				CLANG_WARN_OBJC_ROOT_CLASS = YES_ERROR;
				CLANG_WARN_UNREACHABLE_CODE = YES;
				CLANG_WARN__DUPLICATE_METHOD_MATCH = YES;
				"CODE_SIGN_IDENTITY[sdk=iphoneos*]" = "iPhone Developer";
				COPY_PHASE_STRIP = YES;
				ENABLE_NS_ASSERTIONS = NO;
				ENABLE_STRICT_OBJC_MSGSEND = YES;
				GCC_C_LANGUAGE_STANDARD = gnu99;
				GCC_WARN_64_TO_32_BIT_CONVERSION = YES;
				GCC_WARN_ABOUT_RETURN_TYPE = YES_ERROR;
				GCC_WARN_UNDECLARED_SELECTOR = YES;
				GCC_WARN_UNINITIALIZED_AUTOS = YES_AGGRESSIVE;
				GCC_WARN_UNUSED_FUNCTION = YES;
				GCC_WARN_UNUSED_VARIABLE = YES;
				IPHONEOS_DEPLOYMENT_TARGET = 8.0;
				MTL_ENABLE_DEBUG_INFO = NO;
				SDKROOT = iphoneos;
				VALIDATE_PRODUCT = YES;
			};
			name = Release;
		};
/* End XCBuildConfiguration section */

/* Begin XCConfigurationList section */
		13B07F931A680F5B00A75B9A /* Build configuration list for PBXNativeTarget "visitou" */ = {
			isa = XCConfigurationList;
			buildConfigurations = (
				13B07F941A680F5B00A75B9A /* Debug */,
				13B07F951A680F5B00A75B9A /* Release */,
			);
			defaultConfigurationIsVisible = 0;
			defaultConfigurationName = Release;
		};
		83CBB9FA1A601CBA00E9B192 /* Build configuration list for PBXProject "visitou" */ = {
			isa = XCConfigurationList;
			buildConfigurations = (
				83CBBA201A601CBA00E9B192 /* Debug */,
				83CBBA211A601CBA00E9B192 /* Release */,
			);
			defaultConfigurationIsVisible = 0;
			defaultConfigurationName = Release;
		};
/* End XCConfigurationList section */
	};
	rootObject = 83CBB9F71A601CBA00E9B192 /* Project object */;
}
